<?xml version="1.0" encoding="utf-8"?>
<Project ToolsVersion="4.0" xmlns="http://schemas.microsoft.com/developer/msbuild/2003">
  <ItemGroup>
    <Filter Include="Source Files">
      <UniqueIdentifier>{4FC737F1-C7A5-4376-A066-2A32D752A2FF}</UniqueIdentifier>
      <Extensions>cpp;c;cxx;def;odl;idl;hpj;bat;asm;asmx</Extensions>
    </Filter>
    <Filter Include="Header Files">
      <UniqueIdentifier>{93995380-89BD-4b04-88EB-625FBE52EBFB}</UniqueIdentifier>
      <Extensions>h;hpp;hxx;hm;inl;inc;xsd</Extensions>
    </Filter>
    <Filter Include="Resource Files">
      <UniqueIdentifier>{67DA6AB6-F800-4c08-8B7A-83BB121AAD01}</UniqueIdentifier>
      <Extensions>rc;ico;cur;bmp;dlg;rc2;rct;bin;rgs;gif;jpg;jpeg;jpe;resx</Extensions>
    </Filter>
    <Filter Include="xml">
      <UniqueIdentifier>{267cf119-1d72-4a3e-b5ac-7869ffd1f6dd}</UniqueIdentifier>
    </Filter>
    <Filter Include="emgl">
      <UniqueIdentifier>{a704c595-9d45-4061-b895-a8f8a3a15092}</UniqueIdentifier>
    </Filter>
    <Filter Include="emgl\controls">
      <UniqueIdentifier>{eb7aa47f-6479-4040-a057-2d645ace4523}</UniqueIdentifier>
    </Filter>
    <Filter Include="emgl\examples">
      <UniqueIdentifier>{f4771d7a-8730-466e-9ede-9405b15dec25}</UniqueIdentifier>
    </Filter>
    <Filter Include="emgl\images">
      <UniqueIdentifier>{064b04f6-f566-4151-b033-6900434ba7bb}</UniqueIdentifier>
    </Filter>
    <Filter Include="emgl\source">
      <UniqueIdentifier>{aa47c71d-fb1d-4485-86f0-20d3da4bc3b1}</UniqueIdentifier>
    </Filter>
    <Filter Include="emgl\webcinterface">
      <UniqueIdentifier>{25f177ee-c940-43f8-8dd0-d18db77ef3f1}</UniqueIdentifier>
    </Filter>
    <Filter Include="emgl\SimualtorWin32">
      <UniqueIdentifier>{269bcec7-9fdc-4dce-bb81-c14c4ef253e5}</UniqueIdentifier>
    </Filter>
    <Filter Include="emgl\fonts">
      <UniqueIdentifier>{4941a987-49b5-41aa-bd13-8fdbb681259b}</UniqueIdentifier>
    </Filter>
    <Filter Include="Rtip">
      <UniqueIdentifier>{4463a43d-1bf1-4303-9388-4be6b7830dee}</UniqueIdentifier>
    </Filter>
    <Filter Include="Rtip\protocol">
      <UniqueIdentifier>{27779f29-ae75-4669-85b1-0b22bfaa7f3f}</UniqueIdentifier>
    </Filter>
    <Filter Include="Rtip\rtip">
      <UniqueIdentifier>{fecef8c8-478d-46c1-a7fa-1ffc93aa95a4}</UniqueIdentifier>
    </Filter>
    <Filter Include="Rtip\vfile">
      <UniqueIdentifier>{8f582d7c-dc19-4f55-a8ec-b7e6d907af2a}</UniqueIdentifier>
    </Filter>
    <Filter Include="Rtip\webpage">
      <UniqueIdentifier>{84af42d7-2ca1-4982-aef5-4f7cb481d7ff}</UniqueIdentifier>
    </Filter>
    <Filter Include="Rtip\Drivers">
      <UniqueIdentifier>{e17e56cd-adef-4075-8922-14d1b6ab1291}</UniqueIdentifier>
    </Filter>
    <Filter Include="emgl\xmltools">
      <UniqueIdentifier>{da079773-5eb2-4e53-b0b6-150460840cce}</UniqueIdentifier>
    </Filter>
    <Filter Include="Rtip\Apps">
      <UniqueIdentifier>{ebe04737-a645-4d75-b130-8ff4c7914937}</UniqueIdentifier>
    </Filter>
    <Filter Include="emgl\xmltools\output">
      <UniqueIdentifier>{04d87728-4a77-4f93-b2ae-5a0091d44308}</UniqueIdentifier>
    </Filter>
  </ItemGroup>
  <ItemGroup>
    <ClCompile Include="webcdemo_gdip.cpp">
      <Filter>Source Files</Filter>
    </ClCompile>
    <ClCompile Include="..\..\..\gui\windows\source\webcgdip.cpp">
      <Filter>Source Files</Filter>
    </ClCompile>
    <ClCompile Include="..\..\..\gui\windows\source\wfgdip.cpp">
      <Filter>Source Files</Filter>
    </ClCompile>
    <ClCompile Include="..\..\..\ixml\v1.2\src\attr.c">
      <Filter>xml</Filter>
    </ClCompile>
    <ClCompile Include="..\..\..\ixml\v1.2\src\document.c">
      <Filter>xml</Filter>
    </ClCompile>
    <ClCompile Include="..\..\..\ixml\v1.2\src\element.c">
      <Filter>xml</Filter>
    </ClCompile>
    <ClCompile Include="..\..\..\ixml\v1.2\src\ixml.c">
      <Filter>xml</Filter>
    </ClCompile>
    <ClCompile Include="..\..\..\ixml\v1.2\src\ixmlmembuf.c">
      <Filter>xml</Filter>
    </ClCompile>
    <ClCompile Include="..\..\..\ixml\v1.2\src\ixmlparser.c">
      <Filter>xml</Filter>
    </ClCompile>
    <ClCompile Include="..\..\..\ixml\v1.2\src\namedNodeMap.c">
      <Filter>xml</Filter>
    </ClCompile>
    <ClCompile Include="..\..\..\ixml\v1.2\src\node.c">
      <Filter>xml</Filter>
    </ClCompile>
    <ClCompile Include="..\..\..\ixml\v1.2\src\nodeList.c">
      <Filter>xml</Filter>
    </ClCompile>
    <ClCompile Include="..\..\..\..\..\EMGL\Controls\ButtonControl.c">
      <Filter>emgl\controls</Filter>
    </ClCompile>
    <ClCompile Include="..\..\..\..\..\EMGL\Controls\CheckBoxObject.c">
      <Filter>emgl\controls</Filter>
    </ClCompile>
    <ClCompile Include="..\..\..\..\..\EMGL\Controls\DivObject.c">
      <Filter>emgl\controls</Filter>
    </ClCompile>
    <ClCompile Include="..\..\..\..\..\EMGL\Controls\ImageMapControl.c">
      <Filter>emgl\controls</Filter>
    </ClCompile>
    <ClCompile Include="..\..\..\..\..\EMGL\Controls\ScrollbarControl.c">
      <Filter>emgl\controls</Filter>
    </ClCompile>
    <ClCompile Include="..\..\..\..\..\EMGL\Controls\StandardComponents.c">
      <Filter>emgl\controls</Filter>
    </ClCompile>
    <ClCompile Include="..\..\..\..\..\EMGL\Controls\TextBoxControl.c">
      <Filter>emgl\controls</Filter>
    </ClCompile>
    <ClCompile Include="..\..\..\..\..\EMGL\Controls\TextEditControl.c">
      <Filter>emgl\controls</Filter>
    </ClCompile>
    <ClCompile Include="..\..\..\..\..\EMGL\Examples\VectorGraphics.c">
      <Filter>emgl\examples</Filter>
    </ClCompile>
    <ClCompile Include="..\..\..\..\..\EMGL\Examples\ButtonExample.c">
      <Filter>emgl\examples</Filter>
    </ClCompile>
    <ClCompile Include="..\..\..\..\..\EMGL\Examples\ExampleDesigner.c">
      <Filter>emgl\examples</Filter>
    </ClCompile>
    <ClCompile Include="..\..\..\..\..\EMGL\Examples\ExamplesDisplayManager.c">
      <Filter>emgl\examples</Filter>
    </ClCompile>
    <ClCompile Include="..\..\..\..\..\EMGL\Examples\ExamplesGraphObj.c">
      <Filter>emgl\examples</Filter>
    </ClCompile>
    <ClCompile Include="..\..\..\..\..\EMGL\Examples\ExamplesUtilities.c">
      <Filter>emgl\examples</Filter>
    </ClCompile>
    <ClCompile Include="..\..\..\..\..\EMGL\Examples\ImageMapExample.c">
      <Filter>emgl\examples</Filter>
    </ClCompile>
    <ClCompile Include="..\..\..\..\..\EMGL\Examples\IntroductoryText.c">
      <Filter>emgl\examples</Filter>
    </ClCompile>
    <ClCompile Include="..\..\..\..\..\EMGL\Examples\MenuOfExample.c">
      <Filter>emgl\examples</Filter>
    </ClCompile>
    <ClCompile Include="..\..\..\..\..\EMGL\Examples\ScopeExample.c">
      <Filter>emgl\examples</Filter>
    </ClCompile>
    <ClCompile Include="..\..\..\..\..\EMGL\Examples\ScrollbarExample.c">
      <Filter>emgl\examples</Filter>
    </ClCompile>
    <ClCompile Include="..\..\..\..\..\EMGL\Examples\SpeedometerExample.c">
      <Filter>emgl\examples</Filter>
    </ClCompile>
    <ClCompile Include="..\..\..\..\..\EMGL\Examples\TextExamples.c">
      <Filter>emgl\examples</Filter>
    </ClCompile>
    <ClCompile Include="..\..\..\..\..\EMGL\Images\Oval3DDd1.c">
      <Filter>emgl\images</Filter>
    </ClCompile>
    <ClCompile Include="..\..\..\..\..\EMGL\Images\EglLogo.c">
      <Filter>emgl\images</Filter>
    </ClCompile>
    <ClCompile Include="..\..\..\..\..\EMGL\Images\Keyboard.c">
      <Filter>emgl\images</Filter>
    </ClCompile>
    <ClCompile Include="..\..\..\..\..\EMGL\Images\KeyboardDown.c">
      <Filter>emgl\images</Filter>
    </ClCompile>
    <ClCompile Include="..\..\..\..\..\EMGL\Images\Oval3DDd0.c">
      <Filter>emgl\images</Filter>
    </ClCompile>
    <ClCompile Include="..\..\..\..\..\EMGL\Images\speedo.c">
      <Filter>emgl\images</Filter>
    </ClCompile>
    <ClCompile Include="..\..\..\..\..\EMGL\webCInterface\webcinterface.cpp">
      <Filter>emgl\webcinterface</Filter>
    </ClCompile>
    <ClCompile Include="..\..\..\..\..\EMGL\source\rectclass.c">
      <Filter>emgl\source</Filter>
    </ClCompile>
    <ClCompile Include="..\..\..\..\..\EMGL\source\bmpdecode.c">
      <Filter>emgl\source</Filter>
    </ClCompile>
    <ClCompile Include="..\..\..\..\..\EMGL\source\bmpload.c">
      <Filter>emgl\source</Filter>
    </ClCompile>
    <ClCompile Include="..\..\..\..\..\EMGL\source\DisplayObject.c">
      <Filter>emgl\source</Filter>
    </ClCompile>
    <ClCompile Include="..\..\..\..\..\EMGL\source\DisplayObjectGraphObj.c">
      <Filter>emgl\source</Filter>
    </ClCompile>
    <ClCompile Include="..\..\..\..\..\EMGL\source\egbfbgradients.c">
      <Filter>emgl\source</Filter>
    </ClCompile>
    <ClCompile Include="..\..\..\..\..\EMGL\source\egbfbmain.c">
      <Filter>emgl\source</Filter>
    </ClCompile>
    <ClCompile Include="..\..\..\..\..\EMGL\source\egbffonts.c">
      <Filter>emgl\source</Filter>
    </ClCompile>
    <ClCompile Include="..\..\..\..\..\EMGL\source\egblgraphnametocolor.c">
      <Filter>emgl\source</Filter>
    </ClCompile>
    <ClCompile Include="..\..\..\..\..\EMGL\source\egblinegraphics.c">
      <Filter>emgl\source</Filter>
    </ClCompile>
    <ClCompile Include="..\..\..\..\..\EMGL\source\egblinegraphicsplusplus.cpp">
      <Filter>emgl\source</Filter>
    </ClCompile>
    <ClCompile Include="..\..\..\..\..\EMGL\source\eglstylesheets.c">
      <Filter>emgl\source</Filter>
    </ClCompile>
    <ClCompile Include="..\..\..\..\..\EMGL\source\FBBitmaps.c">
      <Filter>emgl\source</Filter>
    </ClCompile>
    <ClCompile Include="..\..\..\..\..\EMGL\source\filestream.c">
      <Filter>emgl\source</Filter>
    </ClCompile>
    <ClCompile Include="..\..\..\..\..\EMGL\SimulatorWin32\WindowsBitMapFrameBuffer.cpp">
      <Filter>emgl\SimualtorWin32</Filter>
    </ClCompile>
    <ClCompile Include="..\..\..\..\..\EMGL\SimulatorWin32\WindowsBitMapEventing.cpp">
      <Filter>emgl\SimualtorWin32</Filter>
    </ClCompile>
    <ClCompile Include="..\..\..\..\..\EMGL\webCInterface\webcFontInterface.cpp">
      <Filter>emgl\webcinterface</Filter>
    </ClCompile>
    <ClCompile Include="..\..\..\..\..\EMGL\fonts\ArialBold6B0020E007e.c">
      <Filter>emgl\fonts</Filter>
    </ClCompile>
    <ClCompile Include="..\..\..\..\..\EMGL\fonts\ArialBold9B0020E007e.c">
      <Filter>emgl\fonts</Filter>
    </ClCompile>
    <ClCompile Include="..\..\..\..\..\EMGL\fonts\ArialBold10B0020E007e.c">
      <Filter>emgl\fonts</Filter>
    </ClCompile>
    <ClCompile Include="..\..\..\..\..\EMGL\fonts\ArialBold14B0020E007e.c">
      <Filter>emgl\fonts</Filter>
    </ClCompile>
    <ClCompile Include="..\..\..\..\..\EMGL\fonts\ArialBold20B0020E007e.c">
      <Filter>emgl\fonts</Filter>
    </ClCompile>
    <ClCompile Include="..\..\..\..\..\EMGL\fonts\ArialItalic6B0020E007e.c">
      <Filter>emgl\fonts</Filter>
    </ClCompile>
    <ClCompile Include="..\..\..\..\..\EMGL\fonts\ArialItalic9B0020E007e.c">
      <Filter>emgl\fonts</Filter>
    </ClCompile>
    <ClCompile Include="..\..\..\..\..\EMGL\fonts\ArialItalic10B0020E007e.c">
      <Filter>emgl\fonts</Filter>
    </ClCompile>
    <ClCompile Include="..\..\..\..\..\EMGL\fonts\ArialRegular6B0020E007e.c">
      <Filter>emgl\fonts</Filter>
    </ClCompile>
    <ClCompile Include="..\..\..\..\..\EMGL\fonts\ArialRegular9B0020E007e.c">
      <Filter>emgl\fonts</Filter>
    </ClCompile>
    <ClCompile Include="..\..\..\..\..\EMGL\fonts\ArialRegular10B0020E007e.c">
      <Filter>emgl\fonts</Filter>
    </ClCompile>
    <ClCompile Include="..\..\..\..\..\EMGL\fonts\ArialRegular14B0020E007e.c">
      <Filter>emgl\fonts</Filter>
    </ClCompile>
    <ClCompile Include="..\..\..\..\..\EMGL\fonts\ArialRegular20B0020E007e.c">
      <Filter>emgl\fonts</Filter>
    </ClCompile>
    <ClCompile Include="..\..\..\..\..\EMGL\fonts\CourierBold10B0020E007e.c">
      <Filter>emgl\fonts</Filter>
    </ClCompile>
    <ClCompile Include="..\..\..\..\..\EMGL\fonts\CourierBold14B0020E007e.c">
      <Filter>emgl\fonts</Filter>
    </ClCompile>
    <ClCompile Include="..\..\..\..\..\EMGL\fonts\CourierBold20B0020E007e.c">
      <Filter>emgl\fonts</Filter>
    </ClCompile>
    <ClCompile Include="..\..\..\..\..\EMGL\fonts\CourierRegular10B0020E007e.c">
      <Filter>emgl\fonts</Filter>
    </ClCompile>
    <ClCompile Include="..\..\..\..\..\EMGL\fonts\CourierRegular14B0020E007e.c">
      <Filter>emgl\fonts</Filter>
    </ClCompile>
    <ClCompile Include="..\..\..\..\..\EMGL\fonts\CourierRegular20B0020E007e.c">
      <Filter>emgl\fonts</Filter>
    </ClCompile>
    <ClCompile Include="..\..\..\..\..\EMGL\fonts\TahomaBold10B0020E007e.c">
      <Filter>emgl\fonts</Filter>
    </ClCompile>
    <ClCompile Include="..\..\..\..\..\EMGL\fonts\TahomaBold11B0020E007e.c">
      <Filter>emgl\fonts</Filter>
    </ClCompile>
    <ClCompile Include="..\..\..\..\..\EMGL\fonts\TahomaBold12B0020E007e.c">
      <Filter>emgl\fonts</Filter>
    </ClCompile>
    <ClCompile Include="..\..\..\..\..\EMGL\fonts\TahomaBold13B0020E007e.c">
      <Filter>emgl\fonts</Filter>
    </ClCompile>
    <ClCompile Include="..\..\..\..\..\EMGL\fonts\TahomaBold14B0020E007e.c">
      <Filter>emgl\fonts</Filter>
    </ClCompile>
    <ClCompile Include="..\..\..\..\..\EMGL\fonts\TahomaBold15B0020E007e.c">
      <Filter>emgl\fonts</Filter>
    </ClCompile>
    <ClCompile Include="..\..\..\..\..\EMGL\fonts\TahomaBold16B0020E007e.c">
      <Filter>emgl\fonts</Filter>
    </ClCompile>
    <ClCompile Include="..\..\..\..\..\EMGL\fonts\TahomaBold17B0020E007e.c">
      <Filter>emgl\fonts</Filter>
    </ClCompile>
    <ClCompile Include="..\..\..\..\..\EMGL\fonts\TahomaBold18B0020E007e.c">
      <Filter>emgl\fonts</Filter>
    </ClCompile>
    <ClCompile Include="..\..\..\..\..\EMGL\fonts\TahomaBold20B0020E007e.c">
      <Filter>emgl\fonts</Filter>
    </ClCompile>
    <ClCompile Include="..\..\..\..\..\EMGL\fonts\TahomaBold22B0020E007e.c">
      <Filter>emgl\fonts</Filter>
    </ClCompile>
    <ClCompile Include="..\..\..\..\..\EMGL\fonts\TahomaBold24B0020E007e.c">
      <Filter>emgl\fonts</Filter>
    </ClCompile>
    <ClCompile Include="..\..\..\..\..\EMGL\fonts\TahomaRegular10B0020E007e.c">
      <Filter>emgl\fonts</Filter>
    </ClCompile>
    <ClCompile Include="..\..\..\..\..\EMGL\fonts\TahomaRegular11B0020E007e.c">
      <Filter>emgl\fonts</Filter>
    </ClCompile>
    <ClCompile Include="..\..\..\..\..\EMGL\fonts\TahomaRegular12B0020E007e.c">
      <Filter>emgl\fonts</Filter>
    </ClCompile>
    <ClCompile Include="..\..\..\..\..\EMGL\fonts\TahomaRegular13B0020E007e.c">
      <Filter>emgl\fonts</Filter>
    </ClCompile>
    <ClCompile Include="..\..\..\..\..\EMGL\fonts\TahomaRegular14B0020E007e.c">
      <Filter>emgl\fonts</Filter>
    </ClCompile>
    <ClCompile Include="..\..\..\..\..\EMGL\fonts\TahomaRegular15B0020E007e.c">
      <Filter>emgl\fonts</Filter>
    </ClCompile>
    <ClCompile Include="..\..\..\..\..\EMGL\fonts\TahomaRegular16B0020E007e.c">
      <Filter>emgl\fonts</Filter>
    </ClCompile>
    <ClCompile Include="..\..\..\..\..\EMGL\fonts\TahomaRegular17B0020E007e.c">
      <Filter>emgl\fonts</Filter>
    </ClCompile>
    <ClCompile Include="..\..\..\..\..\EMGL\fonts\TahomaRegular18B0020E007e.c">
      <Filter>emgl\fonts</Filter>
    </ClCompile>
    <ClCompile Include="..\..\..\..\..\EMGL\fonts\TahomaRegular20B0020E007e.c">
      <Filter>emgl\fonts</Filter>
    </ClCompile>
    <ClCompile Include="..\..\..\..\..\EMGL\fonts\TahomaRegular22B0020E007e.c">
      <Filter>emgl\fonts</Filter>
    </ClCompile>
    <ClCompile Include="..\..\..\..\..\EMGL\fonts\TahomaRegular24B0020E007e.c">
      <Filter>emgl\fonts</Filter>
    </ClCompile>
    <ClCompile Include="..\..\..\..\..\EMGL\webCInterface\WebcEmglInit.c">
      <Filter>emgl\webcinterface</Filter>
    </ClCompile>
    <ClCompile Include="..\..\..\..\..\EMGL\webCInterface\webcFontTable.c">
      <Filter>emgl\webcinterface</Filter>
    </ClCompile>
    <ClCompile Include="..\..\..\..\..\Rtip6.0\protocol\base64.c">
      <Filter>Rtip\protocol</Filter>
    </ClCompile>
    <ClCompile Include="..\..\..\..\..\Rtip6.0\protocol\netutil.c">
      <Filter>Rtip\protocol</Filter>
    </ClCompile>
    <ClCompile Include="..\..\..\..\..\Rtip6.0\protocol\protdata.c">
      <Filter>Rtip\protocol</Filter>
    </ClCompile>
    <ClCompile Include="..\..\..\..\..\Rtip6.0\protocol\rtipprot.c">
      <Filter>Rtip\protocol</Filter>
    </ClCompile>
    <ClCompile Include="..\..\..\..\..\Rtip6.0\protocol\servers.c">
      <Filter>Rtip\protocol</Filter>
    </ClCompile>
    <ClCompile Include="..\..\..\..\..\Rtip6.0\protocol\webapi.c">
      <Filter>Rtip\protocol</Filter>
    </ClCompile>
    <ClCompile Include="..\..\..\..\..\Rtip6.0\protocol\webcons.c">
      <Filter>Rtip\protocol</Filter>
    </ClCompile>
    <ClCompile Include="..\..\..\..\..\Rtip6.0\protocol\webdata.c">
      <Filter>Rtip\protocol</Filter>
    </ClCompile>
    <ClCompile Include="..\..\..\..\..\Rtip6.0\protocol\webproc.c">
      <Filter>Rtip\protocol</Filter>
    </ClCompile>
    <ClCompile Include="..\..\..\..\..\Rtip6.0\rtip\tools.c">
      <Filter>Rtip\rtip</Filter>
    </ClCompile>
    <ClCompile Include="..\..\..\..\..\Rtip6.0\rtip\udp.c">
      <Filter>Rtip\rtip</Filter>
    </ClCompile>
    <ClCompile Include="..\..\..\..\..\Rtip6.0\rtip\udpapi.c">
      <Filter>Rtip\rtip</Filter>
    </ClCompile>
    <ClCompile Include="..\..\..\..\..\Rtip6.0\rtip\vssldata.c">
      <Filter>Rtip\rtip</Filter>
    </ClCompile>
    <ClCompile Include="..\..\..\..\..\Rtip6.0\rtip\vssocket.c">
      <Filter>Rtip\rtip</Filter>
    </ClCompile>
    <ClCompile Include="..\..\..\..\..\Rtip6.0\rtip\vt100c.c">
      <Filter>Rtip\rtip</Filter>
    </ClCompile>
    <ClCompile Include="..\..\..\..\..\Rtip6.0\rtip\arp.c">
      <Filter>Rtip\rtip</Filter>
    </ClCompile>
    <ClCompile Include="..\..\..\..\..\Rtip6.0\rtip\arpdb.c">
      <Filter>Rtip\rtip</Filter>
    </ClCompile>
    <ClCompile Include="..\..\..\..\..\Rtip6.0\rtip\avltree.c">
      <Filter>Rtip\rtip</Filter>
    </ClCompile>
    <ClCompile Include="..\..\..\..\..\Rtip6.0\rtip\bootp.c">
      <Filter>Rtip\rtip</Filter>
    </ClCompile>
    <ClCompile Include="..\..\..\..\..\Rtip6.0\rtip\checksum.c">
      <Filter>Rtip\rtip</Filter>
    </ClCompile>
    <ClCompile Include="..\..\..\..\..\Rtip6.0\rtip\confdata.c">
      <Filter>Rtip\rtip</Filter>
    </ClCompile>
    <ClCompile Include="..\..\..\..\..\Rtip6.0\rtip\dcu.c">
      <Filter>Rtip\rtip</Filter>
    </ClCompile>
    <ClCompile Include="..\..\..\..\..\Rtip6.0\rtip\debug.c">
      <Filter>Rtip\rtip</Filter>
    </ClCompile>
    <ClCompile Include="..\..\..\..\..\Rtip6.0\rtip\defcb.c">
      <Filter>Rtip\rtip</Filter>
    </ClCompile>
    <ClCompile Include="..\..\..\..\..\Rtip6.0\rtip\dns.c">
      <Filter>Rtip\rtip</Filter>
    </ClCompile>
    <ClCompile Include="..\..\..\..\..\Rtip6.0\rtip\exchange.c">
      <Filter>Rtip\rtip</Filter>
    </ClCompile>
    <ClCompile Include="..\..\..\..\..\Rtip6.0\rtip\frag.c">
      <Filter>Rtip\rtip</Filter>
    </ClCompile>
    <ClCompile Include="..\..\..\..\..\Rtip6.0\rtip\icmp.c">
      <Filter>Rtip\rtip</Filter>
    </ClCompile>
    <ClCompile Include="..\..\..\..\..\Rtip6.0\rtip\iface.c">
      <Filter>Rtip\rtip</Filter>
    </ClCompile>
    <ClCompile Include="..\..\..\..\..\Rtip6.0\rtip\igmp.c">
      <Filter>Rtip\rtip</Filter>
    </ClCompile>
    <ClCompile Include="..\..\..\..\..\Rtip6.0\rtip\igmpapi.c">
      <Filter>Rtip\rtip</Filter>
    </ClCompile>
    <ClCompile Include="..\..\..\..\..\Rtip6.0\rtip\igmpdata.c">
      <Filter>Rtip\rtip</Filter>
    </ClCompile>
    <ClCompile Include="..\..\..\..\..\Rtip6.0\rtip\ip.c">
      <Filter>Rtip\rtip</Filter>
    </ClCompile>
    <ClCompile Include="..\..\..\..\..\Rtip6.0\rtip\ipaddrs.c">
      <Filter>Rtip\rtip</Filter>
    </ClCompile>
    <ClCompile Include="..\..\..\..\..\Rtip6.0\rtip\ipipsec.c">
      <Filter>Rtip\rtip</Filter>
    </ClCompile>
    <ClCompile Include="..\..\..\..\..\Rtip6.0\rtip\ipoption.c">
      <Filter>Rtip\rtip</Filter>
    </ClCompile>
    <ClCompile Include="..\..\..\..\..\Rtip6.0\rtip\iputil.c">
      <Filter>Rtip\rtip</Filter>
    </ClCompile>
    <ClCompile Include="..\..\..\..\..\Rtip6.0\rtip\kstask.c">
      <Filter>Rtip\rtip</Filter>
    </ClCompile>
    <ClCompile Include="..\..\..\..\..\Rtip6.0\rtip\mcast.c">
      <Filter>Rtip\rtip</Filter>
    </ClCompile>
    <ClCompile Include="..\..\..\..\..\Rtip6.0\rtip\name2ip.c">
      <Filter>Rtip\rtip</Filter>
    </ClCompile>
    <ClCompile Include="..\..\..\..\..\Rtip6.0\rtip\os.c">
      <Filter>Rtip\rtip</Filter>
    </ClCompile>
    <ClCompile Include="..\..\..\..\..\Rtip6.0\rtip\oslist.c">
      <Filter>Rtip\rtip</Filter>
    </ClCompile>
    <ClCompile Include="..\..\..\..\..\Rtip6.0\rtip\osport.c">
      <Filter>Rtip\rtip</Filter>
    </ClCompile>
    <ClCompile Include="..\..\..\..\..\Rtip6.0\rtip\ostask.c">
      <Filter>Rtip\rtip</Filter>
    </ClCompile>
    <ClCompile Include="..\..\..\..\..\Rtip6.0\rtip\ostime.c">
      <Filter>Rtip\rtip</Filter>
    </ClCompile>
    <ClCompile Include="..\..\..\..\..\Rtip6.0\rtip\pathmtu.c">
      <Filter>Rtip\rtip</Filter>
    </ClCompile>
    <ClCompile Include="..\..\..\..\..\Rtip6.0\rtip\pcvid.c">
      <Filter>Rtip\rtip</Filter>
    </ClCompile>
    <ClCompile Include="..\..\..\..\..\Rtip6.0\rtip\ping.c">
      <Filter>Rtip\rtip</Filter>
    </ClCompile>
    <ClCompile Include="..\..\..\..\..\Rtip6.0\rtip\pollos.c">
      <Filter>Rtip\rtip</Filter>
    </ClCompile>
    <ClCompile Include="..\..\..\..\..\Rtip6.0\rtip\rarp.c">
      <Filter>Rtip\rtip</Filter>
    </ClCompile>
    <ClCompile Include="..\..\..\..\..\Rtip6.0\rtip\register.c">
      <Filter>Rtip\rtip</Filter>
    </ClCompile>
    <ClCompile Include="..\..\..\..\..\Rtip6.0\rtip\route.c">
      <Filter>Rtip\rtip</Filter>
    </ClCompile>
    <ClCompile Include="..\..\..\..\..\Rtip6.0\rtip\routedis.c">
      <Filter>Rtip\rtip</Filter>
    </ClCompile>
    <ClCompile Include="..\..\..\..\..\Rtip6.0\rtip\routedisdat.c">
      <Filter>Rtip\rtip</Filter>
    </ClCompile>
    <ClCompile Include="..\..\..\..\..\Rtip6.0\rtip\rtipapi.c">
      <Filter>Rtip\rtip</Filter>
    </ClCompile>
    <ClCompile Include="..\..\..\..\..\Rtip6.0\rtip\rtipcons.c">
      <Filter>Rtip\rtip</Filter>
    </ClCompile>
    <ClCompile Include="..\..\..\..\..\Rtip6.0\rtip\rtipdata.c">
      <Filter>Rtip\rtip</Filter>
    </ClCompile>
    <ClCompile Include="..\..\..\..\..\Rtip6.0\rtip\rtipport.c">
      <Filter>Rtip\rtip</Filter>
    </ClCompile>
    <ClCompile Include="..\..\..\..\..\Rtip6.0\rtip\slhc.c">
      <Filter>Rtip\rtip</Filter>
    </ClCompile>
    <ClCompile Include="..\..\..\..\..\Rtip6.0\rtip\socket.c">
      <Filter>Rtip\rtip</Filter>
    </ClCompile>
    <ClCompile Include="..\..\..\..\..\Rtip6.0\rtip\sockv4v6.c">
      <Filter>Rtip\rtip</Filter>
    </ClCompile>
    <ClCompile Include="..\..\..\..\..\Rtip6.0\rtip\taskdata.c">
      <Filter>Rtip\rtip</Filter>
    </ClCompile>
    <ClCompile Include="..\..\..\..\..\Rtip6.0\rtip\tasks.c">
      <Filter>Rtip\rtip</Filter>
    </ClCompile>
    <ClCompile Include="..\..\..\..\..\Rtip6.0\rtip\tcp.c">
      <Filter>Rtip\rtip</Filter>
    </ClCompile>
    <ClCompile Include="..\..\..\..\..\Rtip6.0\rtip\tcpapi.c">
      <Filter>Rtip\rtip</Filter>
    </ClCompile>
    <ClCompile Include="..\..\..\..\..\Rtip6.0\rtip\tcpin.c">
      <Filter>Rtip\rtip</Filter>
    </ClCompile>
    <ClCompile Include="..\..\..\..\..\Rtip6.0\rtip\tcpout.c">
      <Filter>Rtip\rtip</Filter>
    </ClCompile>
    <ClCompile Include="..\..\..\..\..\Rtip6.0\rtip\tcpque.c">
      <Filter>Rtip\rtip</Filter>
    </ClCompile>
    <ClCompile Include="..\..\..\..\..\Rtip6.0\rtip\tcpuser.c">
      <Filter>Rtip\rtip</Filter>
    </ClCompile>
    <ClCompile Include="..\..\..\..\..\Rtip6.0\rtip\terminal.c">
      <Filter>Rtip\rtip</Filter>
    </ClCompile>
    <ClCompile Include="..\..\..\..\..\Rtip6.0\vfile\memfile.c">
      <Filter>Rtip\vfile</Filter>
    </ClCompile>
    <ClCompile Include="..\..\..\..\..\Rtip6.0\vfile\vfdata.c">
      <Filter>Rtip\vfile</Filter>
    </ClCompile>
    <ClCompile Include="..\..\..\..\..\Rtip6.0\vfile\vfdos.c">
      <Filter>Rtip\vfile</Filter>
    </ClCompile>
    <ClCompile Include="..\..\..\..\..\Rtip6.0\vfile\vfile.c">
      <Filter>Rtip\vfile</Filter>
    </ClCompile>
    <ClCompile Include="..\..\..\..\..\Rtip6.0\vfile\vfnfs.c">
      <Filter>Rtip\vfile</Filter>
    </ClCompile>
    <ClCompile Include="..\..\..\..\..\Rtip6.0\vfile\vfrtfi.c">
      <Filter>Rtip\vfile</Filter>
    </ClCompile>
    <ClCompile Include="..\..\..\..\..\Rtip6.0\vfile\vfrtfs.c">
      <Filter>Rtip\vfile</Filter>
    </ClCompile>
    <ClCompile Include="..\..\..\..\..\Rtip6.0\vfile\vfutil.c">
      <Filter>Rtip\vfile</Filter>
    </ClCompile>
    <ClCompile Include="..\..\..\..\..\Rtip6.0\vfile\vfwin32.c">
      <Filter>Rtip\vfile</Filter>
    </ClCompile>
    <ClCompile Include="..\..\..\..\..\Rtip6.0\webpage\back\httpgetf.c">
      <Filter>Rtip\webpage</Filter>
    </ClCompile>
    <ClCompile Include="..\..\..\..\..\Rtip6.0\webpage\CLOCK2.C">
      <Filter>Rtip\webpage</Filter>
    </ClCompile>
    <ClCompile Include="..\..\..\..\..\Rtip6.0\webpage\DISK.C">
      <Filter>Rtip\webpage</Filter>
    </ClCompile>
    <ClCompile Include="..\..\..\..\..\Rtip6.0\webpage\FRAMED.C">
      <Filter>Rtip\webpage</Filter>
    </ClCompile>
    <ClCompile Include="..\..\..\..\..\Rtip6.0\webpage\FRDEMO2.C">
      <Filter>Rtip\webpage</Filter>
    </ClCompile>
    <ClCompile Include="..\..\..\..\..\Rtip6.0\webpage\INDEX.C">
      <Filter>Rtip\webpage</Filter>
    </ClCompile>
    <ClCompile Include="..\..\..\..\..\Rtip6.0\webpage\logo.c">
      <Filter>Rtip\webpage</Filter>
    </ClCompile>
    <ClCompile Include="..\..\..\..\..\Rtip6.0\webpage\PRESS.C">
      <Filter>Rtip\webpage</Filter>
    </ClCompile>
    <ClCompile Include="..\..\..\..\..\Rtip6.0\webpage\RTIPXX.C">
      <Filter>Rtip\webpage</Filter>
    </ClCompile>
    <ClCompile Include="..\..\..\..\..\Rtip6.0\webpage\WALL4.C">
      <Filter>Rtip\webpage</Filter>
    </ClCompile>
    <ClCompile Include="..\..\..\..\..\Rtip6.0\webpage\back3\ping_file.c">
      <Filter>Rtip\webpage</Filter>
    </ClCompile>
    <ClCompile Include="..\..\..\..\..\Rtip6.0\webpage\back3\ping.c">
      <Filter>Rtip\webpage</Filter>
    </ClCompile>
    <ClCompile Include="..\..\..\..\..\Rtip6.0\webpage\back\FRDEMO.C">
      <Filter>Rtip\webpage</Filter>
    </ClCompile>
    <ClCompile Include="..\..\..\..\..\Rtip6.0\webpage\back\PUSH.C">
      <Filter>Rtip\webpage</Filter>
    </ClCompile>
    <ClCompile Include="..\..\..\..\..\Rtip6.0\webpage\back\TEMP.C">
      <Filter>Rtip\webpage</Filter>
    </ClCompile>
    <ClCompile Include="..\..\..\..\..\Rtip6.0\webpage\back\WIND.C">
      <Filter>Rtip\webpage</Filter>
    </ClCompile>
    <ClCompile Include="..\..\..\..\..\Rtip6.0\webpage\back\CLOCK2CL.C">
      <Filter>Rtip\webpage</Filter>
    </ClCompile>
    <ClCompile Include="..\..\..\..\..\Rtip6.0\webpage\back\FRAME.C">
      <Filter>Rtip\webpage</Filter>
    </ClCompile>
    <ClCompile Include="..\..\..\..\..\Rtip6.0\webpage\back\INFO.C">
      <Filter>Rtip\webpage</Filter>
    </ClCompile>
    <ClCompile Include="..\..\..\..\..\Rtip6.0\webpage\back\rerr.c">
      <Filter>Rtip\webpage</Filter>
    </ClCompile>
    <ClCompile Include="..\..\..\..\..\Rtip6.0\webpage\back\STATS.C">
      <Filter>Rtip\webpage</Filter>
    </ClCompile>
    <ClCompile Include="..\..\..\..\..\Rtip6.0\webpage\httppstf.c">
      <Filter>Rtip\webpage</Filter>
    </ClCompile>
    <ClCompile Include="..\..\..\..\..\Rtip6.0\drivers\winpcap.c">
      <Filter>Rtip\Drivers</Filter>
    </ClCompile>
    <ClCompile Include="..\..\..\..\..\Rtip6.0\drivers\loop.c">
      <Filter>Rtip\Drivers</Filter>
    </ClCompile>
    <ClCompile Include="..\..\..\..\..\Rtip6.0\drivers\winpcapi.c">
      <Filter>Rtip\Drivers</Filter>
    </ClCompile>
    <ClCompile Include="..\..\..\..\..\EMGL\Designer\codegen.cpp">
      <Filter>emgl\xmltools</Filter>
    </ClCompile>
    <ClCompile Include="..\..\..\..\..\EMGL\Designer\xmlutilities.cpp">
      <Filter>emgl\xmltools</Filter>
    </ClCompile>
    <ClCompile Include="..\..\..\..\..\Rtip6.0\apps\callback.c">
      <Filter>Rtip\Apps</Filter>
    </ClCompile>
    <ClCompile Include="..\..\..\..\..\EMGL\Designer\CodeGenOutput\CommonStubs.c">
      <Filter>emgl\xmltools\output</Filter>
    </ClCompile>
    <ClCompile Include="..\..\..\..\..\EMGL\Designer\CodeGenOutput\SchemaValidateStubs.c">
      <Filter>emgl\xmltools\output</Filter>
    </ClCompile>
    <ClCompile Include="..\..\..\..\..\EMGL\Designer\CodeGenOutput\PalletStdControls.c">
      <Filter>emgl\xmltools\output</Filter>
    </ClCompile>
    <ClCompile Include="..\..\..\..\..\EMGL\Designer\CodeGenOutput\SchemaValidate.c">
      <Filter>emgl\xmltools\output</Filter>
    </ClCompile>
    <ClCompile Include="..\..\..\..\..\EMGL\Designer\CodeGenOutput\PalletObjectResources.c">
      <Filter>emgl\xmltools\output</Filter>
    </ClCompile>
    <ClCompile Include="..\..\..\..\..\EMGL\Controls\MenuObject.c">
      <Filter>emgl\controls</Filter>
    </ClCompile>
    <ClCompile Include="..\..\..\..\..\EMGL\source\TreeObject.c">
      <Filter>emgl\source</Filter>
    </ClCompile>
    <ClCompile Include="..\..\..\..\..\EMGL\Examples\MenuExample.c">
      <Filter>emgl\examples</Filter>
    </ClCompile>
    <ClCompile Include="..\..\..\..\..\EMGL\source\egfboptimizations.c">
      <Filter>emgl\source</Filter>
    </ClCompile>
    <ClCompile Include="..\..\..\..\..\EMGL\Examples\WindowExample.c">
      <Filter>emgl\examples</Filter>
    </ClCompile>
    <ClCompile Include="..\..\..\..\..\EMGL\Controls\WindowObject.c">
      <Filter>emgl\controls</Filter>
    </ClCompile>
    <ClCompile Include="..\..\..\..\..\Rtip6.0\apps\cbdebug.c">
      <Filter>Rtip\Apps</Filter>
    </ClCompile>
    <ClCompile Include="..\..\..\..\..\Rtip6.0\apps\clisrv.c">
      <Filter>Rtip\Apps</Filter>
    </ClCompile>
    <ClCompile Include="..\..\..\..\..\Rtip6.0\apps\config.c">
      <Filter>Rtip\Apps</Filter>
    </ClCompile>
    <ClCompile Include="..\..\..\..\..\Rtip6.0\apps\criterr.c">
      <Filter>Rtip\Apps</Filter>
    </ClCompile>
    <ClCompile Include="..\..\..\..\..\Rtip6.0\apps\csttr.c">
      <Filter>Rtip\Apps</Filter>
    </ClCompile>
    <ClCompile Include="..\..\..\..\..\Rtip6.0\apps\demo.c">
      <Filter>Rtip\Apps</Filter>
    </ClCompile>
    <ClCompile Include="..\..\..\..\..\Rtip6.0\apps\echo.c">
      <Filter>Rtip\Apps</Filter>
    </ClCompile>
    <ClCompile Include="..\..\..\..\..\Rtip6.0\apps\http_client.c">
      <Filter>Rtip\Apps</Filter>
    </ClCompile>
    <ClCompile Include="..\..\..\..\..\Rtip6.0\apps\ififace.c">
      <Filter>Rtip\Apps</Filter>
    </ClCompile>
    <ClCompile Include="..\..\..\..\..\Rtip6.0\apps\ifrtip.c">
      <Filter>Rtip\Apps</Filter>
    </ClCompile>
    <ClCompile Include="..\..\..\..\..\Rtip6.0\apps\osstart.c">
      <Filter>Rtip\Apps</Filter>
    </ClCompile>
    <ClCompile Include="..\..\..\..\..\Rtip6.0\apps\serv.c">
      <Filter>Rtip\Apps</Filter>
    </ClCompile>
    <ClCompile Include="..\..\..\..\..\Rtip6.0\apps\test.c">
      <Filter>Rtip\Apps</Filter>
    </ClCompile>
    <ClCompile Include="..\..\..\..\..\Rtip6.0\apps\time.c">
      <Filter>Rtip\Apps</Filter>
    </ClCompile>
    <ClCompile Include="..\..\..\..\..\Rtip6.0\apps\vfsshell.c">
      <Filter>Rtip\Apps</Filter>
    </ClCompile>
    <ClCompile Include="..\..\..\..\..\Rtip6.0\apps\virttbl.c">
      <Filter>Rtip\Apps</Filter>
    </ClCompile>
    <ClCompile Include="..\..\..\..\..\Rtip6.0\apps\vt100.c">
      <Filter>Rtip\Apps</Filter>
    </ClCompile>
    <ClCompile Include="..\..\..\..\..\Rtip6.0\apps\console.c">
      <Filter>Rtip\Apps</Filter>
    </ClCompile>
    <ClCompile Include="..\..\..\..\..\Rtip6.0\apps\webcli.c">
      <Filter>Rtip\Apps</Filter>
    </ClCompile>
    <ClCompile Include="..\..\..\..\..\Rtip6.0\webpage\SURVEY.C">
      <Filter>Rtip\webpage</Filter>
    </ClCompile>
    <ClCompile Include="..\..\..\..\..\EMGL\Controls\ConsoleObject.c">
      <Filter>emgl\controls</Filter>
    </ClCompile>
    <ClCompile Include="..\..\..\..\..\EMGL\Examples\ExampleGraphics.c">
      <Filter>emgl\examples</Filter>
    </ClCompile>
    <ClCompile Include="..\..\..\..\..\EMGL\SimulatorWin32\WindowsBitMapConfig.c">
      <Filter>emgl\SimualtorWin32</Filter>
    </ClCompile>
    <ClCompile Include="..\..\..\..\..\EMGL\Examples\ExampleCalc.c">
      <Filter>emgl\examples</Filter>
    </ClCompile>
    <ClCompile Include="..\..\..\..\..\EMGL\Controls\BasicDialog.c">
      <Filter>emgl\controls</Filter>
    </ClCompile>
    <ClCompile Include="..\..\..\..\..\EMGL\Examples\ExampleFramework.c">
      <Filter>emgl\examples</Filter>
    </ClCompile>
    <ClCompile Include="..\..\..\..\..\EMGL\Controls\ScrollPanel.c">
      <Filter>emgl\controls</Filter>
    </ClCompile>
    <ClCompile Include="..\..\..\..\..\EMGL\Examples\ScrollPanelExample.c">
      <Filter>emgl\examples</Filter>
    </ClCompile>
    <ClCompile Include="..\..\..\..\..\EMGL\Controls\TextObject.c">
      <Filter>emgl\controls</Filter>
    </ClCompile>
    <ClCompile Include="..\..\..\..\..\EMGL\Examples\ExampleDiags.c">
      <Filter>emgl\examples</Filter>
    </ClCompile>
    <ClCompile Include="..\..\..\..\..\EMGL\Examples\Examples.c">
      <Filter>emgl\examples</Filter>
    </ClCompile>
    <ClCompile Include="..\..\..\..\..\EMGL\source\SystemObject.c">
      <Filter>emgl\source</Filter>
    </ClCompile>
    <ClCompile Include="..\..\..\..\..\EMGL\Examples\SourceViewer.c">
      <Filter>emgl\examples</Filter>
    </ClCompile>
    <ClCompile Include="..\..\..\..\..\EMGL\Examples\SoftKeyBoardExample.c">
      <Filter>emgl\examples</Filter>
    </ClCompile>
    <ClCompile Include="..\..\..\..\..\EMGL\Controls\SoftKeyControl.c">
      <Filter>emgl\controls</Filter>
    </ClCompile>
  </ItemGroup>
  <ItemGroup>
    <ClInclude Include="Resource.h">
      <Filter>Header Files</Filter>
    </ClInclude>
    <ClInclude Include="webcdemo_gdip.h">
      <Filter>Header Files</Filter>
    </ClInclude>
    <ClInclude Include="..\..\..\..\..\Rtip6.0\rtip\udp.h">
      <Filter>Rtip\rtip</Filter>
    </ClInclude>
    <ClInclude Include="..\..\..\..\..\Rtip6.0\rtip\udpapi.h">
      <Filter>Rtip\rtip</Filter>
    </ClInclude>
    <ClInclude Include="..\..\..\..\..\Rtip6.0\rtip\vsslapi.h">
      <Filter>Rtip\rtip</Filter>
    </ClInclude>
    <ClInclude Include="..\..\..\..\..\Rtip6.0\rtip\vsslext.h">
      <Filter>Rtip\rtip</Filter>
    </ClInclude>
    <ClInclude Include="..\..\..\..\..\Rtip6.0\rtip\vt100.h">
      <Filter>Rtip\rtip</Filter>
    </ClInclude>
    <ClInclude Include="..\..\..\..\..\Rtip6.0\rtip\vt100c.h">
      <Filter>Rtip\rtip</Filter>
    </ClInclude>
    <ClInclude Include="..\..\..\..\..\Rtip6.0\rtip\xnconf.h">
      <Filter>Rtip\rtip</Filter>
    </ClInclude>
    <ClInclude Include="..\..\..\..\..\Rtip6.0\rtip\appconf.h">
      <Filter>Rtip\rtip</Filter>
    </ClInclude>
    <ClInclude Include="..\..\..\..\..\Rtip6.0\rtip\arp.h">
      <Filter>Rtip\rtip</Filter>
    </ClInclude>
    <ClInclude Include="..\..\..\..\..\Rtip6.0\rtip\avltree.h">
      <Filter>Rtip\rtip</Filter>
    </ClInclude>
    <ClInclude Include="..\..\..\..\..\Rtip6.0\rtip\bootp.h">
      <Filter>Rtip\rtip</Filter>
    </ClInclude>
    <ClInclude Include="..\..\..\..\..\Rtip6.0\rtip\callback.h">
      <Filter>Rtip\rtip</Filter>
    </ClInclude>
    <ClInclude Include="..\..\..\..\..\Rtip6.0\rtip\check.h">
      <Filter>Rtip\rtip</Filter>
    </ClInclude>
    <ClInclude Include="..\..\..\..\..\Rtip6.0\rtip\confapi.h">
      <Filter>Rtip\rtip</Filter>
    </ClInclude>
    <ClInclude Include="..\..\..\..\..\Rtip6.0\rtip\dcu.h">
      <Filter>Rtip\rtip</Filter>
    </ClInclude>
    <ClInclude Include="..\..\..\..\..\Rtip6.0\rtip\debug.h">
      <Filter>Rtip\rtip</Filter>
    </ClInclude>
    <ClInclude Include="..\..\..\..\..\Rtip6.0\rtip\debugapi.h">
      <Filter>Rtip\rtip</Filter>
    </ClInclude>
    <ClInclude Include="..\..\..\..\..\Rtip6.0\rtip\device.h">
      <Filter>Rtip\rtip</Filter>
    </ClInclude>
    <ClInclude Include="..\..\..\..\..\Rtip6.0\rtip\dns.h">
      <Filter>Rtip\rtip</Filter>
    </ClInclude>
    <ClInclude Include="..\..\..\..\..\Rtip6.0\rtip\dymconf.h">
      <Filter>Rtip\rtip</Filter>
    </ClInclude>
    <ClInclude Include="..\..\..\..\..\Rtip6.0\rtip\ethconf.h">
      <Filter>Rtip\rtip</Filter>
    </ClInclude>
    <ClInclude Include="..\..\..\..\..\Rtip6.0\rtip\frag.h">
      <Filter>Rtip\rtip</Filter>
    </ClInclude>
    <ClInclude Include="..\..\..\..\..\Rtip6.0\rtip\iface.h">
      <Filter>Rtip\rtip</Filter>
    </ClInclude>
    <ClInclude Include="..\..\..\..\..\Rtip6.0\rtip\igmp.h">
      <Filter>Rtip\rtip</Filter>
    </ClInclude>
    <ClInclude Include="..\..\..\..\..\Rtip6.0\rtip\igmpconf.h">
      <Filter>Rtip\rtip</Filter>
    </ClInclude>
    <ClInclude Include="..\..\..\..\..\Rtip6.0\rtip\igmppkt.h">
      <Filter>Rtip\rtip</Filter>
    </ClInclude>
    <ClInclude Include="..\..\..\..\..\Rtip6.0\rtip\inlines.h">
      <Filter>Rtip\rtip</Filter>
    </ClInclude>
    <ClInclude Include="..\..\..\..\..\Rtip6.0\rtip\malloc.h">
      <Filter>Rtip\rtip</Filter>
    </ClInclude>
    <ClInclude Include="..\..\..\..\..\Rtip6.0\rtip\msepilog.h">
      <Filter>Rtip\rtip</Filter>
    </ClInclude>
    <ClInclude Include="..\..\..\..\..\Rtip6.0\rtip\msprolog.h">
      <Filter>Rtip\rtip</Filter>
    </ClInclude>
    <ClInclude Include="..\..\..\..\..\Rtip6.0\rtip\os.h">
      <Filter>Rtip\rtip</Filter>
    </ClInclude>
    <ClInclude Include="..\..\..\..\..\Rtip6.0\rtip\oslist.h">
      <Filter>Rtip\rtip</Filter>
    </ClInclude>
    <ClInclude Include="..\..\..\..\..\Rtip6.0\rtip\osport.h">
      <Filter>Rtip\rtip</Filter>
    </ClInclude>
    <ClInclude Include="..\..\..\..\..\Rtip6.0\rtip\ostask.h">
      <Filter>Rtip\rtip</Filter>
    </ClInclude>
    <ClInclude Include="..\..\..\..\..\Rtip6.0\rtip\ostime.h">
      <Filter>Rtip\rtip</Filter>
    </ClInclude>
    <ClInclude Include="..\..\..\..\..\Rtip6.0\rtip\packet.h">
      <Filter>Rtip\rtip</Filter>
    </ClInclude>
    <ClInclude Include="..\..\..\..\..\Rtip6.0\rtip\pcvid.h">
      <Filter>Rtip\rtip</Filter>
    </ClInclude>
    <ClInclude Include="..\..\..\..\..\Rtip6.0\rtip\pollos.h">
      <Filter>Rtip\rtip</Filter>
    </ClInclude>
    <ClInclude Include="..\..\..\..\..\Rtip6.0\rtip\port.h">
      <Filter>Rtip\rtip</Filter>
    </ClInclude>
    <ClInclude Include="..\..\..\..\..\Rtip6.0\rtip\route.h">
      <Filter>Rtip\rtip</Filter>
    </ClInclude>
    <ClInclude Include="..\..\..\..\..\Rtip6.0\rtip\routedis.h">
      <Filter>Rtip\rtip</Filter>
    </ClInclude>
    <ClInclude Include="..\..\..\..\..\Rtip6.0\rtip\routedisext.h">
      <Filter>Rtip\rtip</Filter>
    </ClInclude>
    <ClInclude Include="..\..\..\..\..\Rtip6.0\rtip\rtip.h">
      <Filter>Rtip\rtip</Filter>
    </ClInclude>
    <ClInclude Include="..\..\..\..\..\Rtip6.0\rtip\rtipapi.h">
      <Filter>Rtip\rtip</Filter>
    </ClInclude>
    <ClInclude Include="..\..\..\..\..\Rtip6.0\rtip\rtipconf.h">
      <Filter>Rtip\rtip</Filter>
    </ClInclude>
    <ClInclude Include="..\..\..\..\..\Rtip6.0\rtip\rtipcons.h">
      <Filter>Rtip\rtip</Filter>
    </ClInclude>
    <ClInclude Include="..\..\..\..\..\Rtip6.0\rtip\rtipdata.h">
      <Filter>Rtip\rtip</Filter>
    </ClInclude>
    <ClInclude Include="..\..\..\..\..\Rtip6.0\rtip\rtipext.h">
      <Filter>Rtip\rtip</Filter>
    </ClInclude>
    <ClInclude Include="..\..\..\..\..\Rtip6.0\rtip\rtipport.h">
      <Filter>Rtip\rtip</Filter>
    </ClInclude>
    <ClInclude Include="..\..\..\..\..\Rtip6.0\rtip\slhc.h">
      <Filter>Rtip\rtip</Filter>
    </ClInclude>
    <ClInclude Include="..\..\..\..\..\Rtip6.0\rtip\sock.h">
      <Filter>Rtip\rtip</Filter>
    </ClInclude>
    <ClInclude Include="..\..\..\..\..\Rtip6.0\rtip\socket.h">
      <Filter>Rtip\rtip</Filter>
    </ClInclude>
    <ClInclude Include="..\..\..\..\..\Rtip6.0\rtip\sockv4v6.h">
      <Filter>Rtip\rtip</Filter>
    </ClInclude>
    <ClInclude Include="..\..\..\..\..\Rtip6.0\rtip\taskext.h">
      <Filter>Rtip\rtip</Filter>
    </ClInclude>
    <ClInclude Include="..\..\..\..\..\Rtip6.0\rtip\tcp.h">
      <Filter>Rtip\rtip</Filter>
    </ClInclude>
    <ClInclude Include="..\..\..\..\..\Rtip6.0\rtip\tcpapi.h">
      <Filter>Rtip\rtip</Filter>
    </ClInclude>
    <ClInclude Include="..\..\..\..\..\Rtip6.0\rtip\terminal.h">
      <Filter>Rtip\rtip</Filter>
    </ClInclude>
    <ClInclude Include="..\..\..\..\..\Rtip6.0\rtip\timeapi.h">
      <Filter>Rtip\rtip</Filter>
    </ClInclude>
    <ClInclude Include="..\..\..\..\..\Rtip6.0\vfile\ioacc.h">
      <Filter>Rtip\vfile</Filter>
    </ClInclude>
    <ClInclude Include="..\..\..\..\..\Rtip6.0\vfile\memfile.h">
      <Filter>Rtip\vfile</Filter>
    </ClInclude>
    <ClInclude Include="..\..\..\..\..\Rtip6.0\vfile\mfapi.h">
      <Filter>Rtip\vfile</Filter>
    </ClInclude>
    <ClInclude Include="..\..\..\..\..\Rtip6.0\vfile\vfapi.h">
      <Filter>Rtip\vfile</Filter>
    </ClInclude>
    <ClInclude Include="..\..\..\..\..\Rtip6.0\vfile\vfconf.h">
      <Filter>Rtip\vfile</Filter>
    </ClInclude>
    <ClInclude Include="..\..\..\..\..\Rtip6.0\vfile\vfile.h">
      <Filter>Rtip\vfile</Filter>
    </ClInclude>
    <ClInclude Include="..\..\..\..\..\Rtip6.0\vfile\vfsext.h">
      <Filter>Rtip\vfile</Filter>
    </ClInclude>
  </ItemGroup>
  <ItemGroup>
    <None Include="small.ico">
      <Filter>Resource Files</Filter>
    </None>
    <None Include="webcdemo_gdip.ico">
      <Filter>Resource Files</Filter>
    </None>
    <None Include="ReadMe.txt" />
    <None Include="..\..\..\..\..\Rtip6.0\apps\csgh.s">
      <Filter>Rtip\Apps</Filter>
    </None>
  </ItemGroup>
  <ItemGroup>
    <ResourceCompile Include="webcdemo_gdip.rc">
      <Filter>Resource Files</Filter>
    </ResourceCompile>
  </ItemGroup>
</Project>