Microsoft Visual Studio Solution File, Format Version 9.00
# Visual Studio 2005
Project("{8BC9CEB8-8B4A-11D0-8D11-00A0C91BC942}") = "fdlibm", "..\fdlibm\fdlibm.vcproj", "{9691A666-307C-44D8-AEB3-B309F1F5849E}"
EndProject
Project("{8BC9CEB8-8B4A-11D0-8D11-00A0C91BC942}") = "libjpeg", "..\libjpeg\libjpeg.vcproj", "{F17D131A-9054-4A51-9142-1F804358F240}"
EndProject
Project("{8BC9CEB8-8B4A-11D0-8D11-00A0C91BC942}") = "libmng", "..\libmng\libmng.vcproj", "{D5723F3B-1393-401A-9B51-04894C948941}"
EndProject
Project("{8BC9CEB8-8B4A-11D0-8D11-00A0C91BC942}") = "libpng", "..\libpng\libpng.vcproj", "{90E68ACD-2855-4A5F-9AFD-017B91733CDB}"
EndProject
Project("{8BC9CEB8-8B4A-11D0-8D11-00A0C91BC942}") = "mozjs", "..\mozjs\mozjs.vcproj", "{387729E2-07B2-4A61-98B8-189CADBC0197}"
EndProject
Project("{8BC9CEB8-8B4A-11D0-8D11-00A0C91BC942}") = "peg", "..\peg\peg.vcproj", "{92758A79-F785-4B69-86FD-05F34DC22C7A}"
EndProject
Project("{8BC9CEB8-8B4A-11D0-8D11-00A0C91BC942}") = "rtplatform_win32", "..\rtplatform_win32\rtplatform_win32.vcproj", "{A426F109-410E-4DD9-B92B-402DB5984540}"
EndProject
Project("{8BC9CEB8-8B4A-11D0-8D11-00A0C91BC942}") = "webc", "..\webc\webc.vcproj", "{ED7D98EB-F0D6-4F20-B6DA-7F37EBA59318}"
EndProject
Project("{8BC9CEB8-8B4A-11D0-8D11-00A0C91BC942}") = "webcdemo_peg_win32", "webcdemo_peg_win32.vcproj", "{5DE84D5A-A084-4556-9DA1-1B7B59F83DFA}"
	ProjectSection(ProjectDependencies) = postProject
		{877A4F66-7F3D-42D6-83FA-648ABCAF1269} = {877A4F66-7F3D-42D6-83FA-648ABCAF1269}
		{ED7D98EB-F0D6-4F20-B6DA-7F37EBA59318} = {ED7D98EB-F0D6-4F20-B6DA-7F37EBA59318}
		{A426F109-410E-4DD9-B92B-402DB5984540} = {A426F109-410E-4DD9-B92B-402DB5984540}
		{92758A79-F785-4B69-86FD-05F34DC22C7A} = {92758A79-F785-4B69-86FD-05F34DC22C7A}
		{387729E2-07B2-4A61-98B8-189CADBC0197} = {387729E2-07B2-4A61-98B8-189CADBC0197}
		{90E68ACD-2855-4A5F-9AFD-017B91733CDB} = {90E68ACD-2855-4A5F-9AFD-017B91733CDB}
		{D5723F3B-1393-401A-9B51-04894C948941} = {D5723F3B-1393-401A-9B51-04894C948941}
		{F17D131A-9054-4A51-9142-1F804358F240} = {F17D131A-9054-4A51-9142-1F804358F240}
		{9691A666-307C-44D8-AEB3-B309F1F5849E} = {9691A666-307C-44D8-AEB3-B309F1F5849E}
	EndProjectSection
EndProject
Project("{8BC9CEB8-8B4A-11D0-8D11-00A0C91BC942}") = "webcpeg_win32", "..\webcpeg_win32\webcpeg_win32.vcproj", "{8E2041F6-26F9-46F3-9F9A-6D21CCE1633F}"
EndProject
Project("{8BC9CEB8-8B4A-11D0-8D11-00A0C91BC942}") = "zlib", "..\zlib\zlib.vcproj", "{877A4F66-7F3D-42D6-83FA-648ABCAF1269}"
EndProject
Global
	GlobalSection(SolutionConfigurationPlatforms) = preSolution
		Debug JavaScript Unicode 8bpp|Win32 = Debug JavaScript Unicode 8bpp|Win32
		Debug JavaScript Unicode|Win32 = Debug JavaScript Unicode|Win32
		Debug JavaScript|Win32 = Debug JavaScript|Win32
		Debug Unicode|Win32 = Debug Unicode|Win32
		Debug|Win32 = Debug|Win32
		Release JavaScript Unicode|Win32 = Release JavaScript Unicode|Win32
		Release JavaScript|Win32 = Release JavaScript|Win32
		Release Unicode|Win32 = Release Unicode|Win32
		Release|Win32 = Release|Win32
	EndGlobalSection
	GlobalSection(ProjectConfigurationPlatforms) = postSolution
		{9691A666-307C-44D8-AEB3-B309F1F5849E}.Debug JavaScript Unicode 8bpp|Win32.ActiveCfg = Debug JavaScript Unicode 8bpp|Win32
		{9691A666-307C-44D8-AEB3-B309F1F5849E}.Debug JavaScript Unicode 8bpp|Win32.Build.0 = Debug JavaScript Unicode 8bpp|Win32
		{9691A666-307C-44D8-AEB3-B309F1F5849E}.Debug JavaScript Unicode|Win32.ActiveCfg = Debug JavaScript Unicode|Win32
		{9691A666-307C-44D8-AEB3-B309F1F5849E}.Debug JavaScript Unicode|Win32.Build.0 = Debug JavaScript Unicode|Win32
		{9691A666-307C-44D8-AEB3-B309F1F5849E}.Debug JavaScript|Win32.ActiveCfg = Debug JavaScript|Win32
		{9691A666-307C-44D8-AEB3-B309F1F5849E}.Debug JavaScript|Win32.Build.0 = Debug JavaScript|Win32
		{9691A666-307C-44D8-AEB3-B309F1F5849E}.Debug Unicode|Win32.ActiveCfg = Debug JavaScript Unicode 8bpp|Win32
		{9691A666-307C-44D8-AEB3-B309F1F5849E}.Debug Unicode|Win32.Build.0 = Debug JavaScript Unicode 8bpp|Win32
		{9691A666-307C-44D8-AEB3-B309F1F5849E}.Debug|Win32.ActiveCfg = Debug|Win32
		{9691A666-307C-44D8-AEB3-B309F1F5849E}.Debug|Win32.Build.0 = Debug|Win32
		{9691A666-307C-44D8-AEB3-B309F1F5849E}.Release JavaScript Unicode|Win32.ActiveCfg = Release JavaScript Unicode|Win32
		{9691A666-307C-44D8-AEB3-B309F1F5849E}.Release JavaScript Unicode|Win32.Build.0 = Release JavaScript Unicode|Win32
		{9691A666-307C-44D8-AEB3-B309F1F5849E}.Release JavaScript|Win32.ActiveCfg = Release JavaScript|Win32
		{9691A666-307C-44D8-AEB3-B309F1F5849E}.Release JavaScript|Win32.Build.0 = Release JavaScript|Win32
		{9691A666-307C-44D8-AEB3-B309F1F5849E}.Release Unicode|Win32.ActiveCfg = Release JavaScript|Win32
		{9691A666-307C-44D8-AEB3-B309F1F5849E}.Release Unicode|Win32.Build.0 = Release JavaScript|Win32
		{9691A666-307C-44D8-AEB3-B309F1F5849E}.Release|Win32.ActiveCfg = Release|Win32
		{9691A666-307C-44D8-AEB3-B309F1F5849E}.Release|Win32.Build.0 = Release|Win32
		{F17D131A-9054-4A51-9142-1F804358F240}.Debug JavaScript Unicode 8bpp|Win32.ActiveCfg = Debug JavaScript Unicode 8bpp|Win32
		{F17D131A-9054-4A51-9142-1F804358F240}.Debug JavaScript Unicode 8bpp|Win32.Build.0 = Debug JavaScript Unicode 8bpp|Win32
		{F17D131A-9054-4A51-9142-1F804358F240}.Debug JavaScript Unicode|Win32.ActiveCfg = Debug JavaScript Unicode|Win32
		{F17D131A-9054-4A51-9142-1F804358F240}.Debug JavaScript Unicode|Win32.Build.0 = Debug JavaScript Unicode|Win32
		{F17D131A-9054-4A51-9142-1F804358F240}.Debug JavaScript|Win32.ActiveCfg = Debug JavaScript|Win32
		{F17D131A-9054-4A51-9142-1F804358F240}.Debug JavaScript|Win32.Build.0 = Debug JavaScript|Win32
		{F17D131A-9054-4A51-9142-1F804358F240}.Debug Unicode|Win32.ActiveCfg = Debug Unicode|Win32
		{F17D131A-9054-4A51-9142-1F804358F240}.Debug Unicode|Win32.Build.0 = Debug Unicode|Win32
		{F17D131A-9054-4A51-9142-1F804358F240}.Debug|Win32.ActiveCfg = Debug|Win32
		{F17D131A-9054-4A51-9142-1F804358F240}.Debug|Win32.Build.0 = Debug|Win32
		{F17D131A-9054-4A51-9142-1F804358F240}.Release JavaScript Unicode|Win32.ActiveCfg = Release JavaScript Unicode|Win32
		{F17D131A-9054-4A51-9142-1F804358F240}.Release JavaScript Unicode|Win32.Build.0 = Release JavaScript Unicode|Win32
		{F17D131A-9054-4A51-9142-1F804358F240}.Release JavaScript|Win32.ActiveCfg = Release JavaScript|Win32
		{F17D131A-9054-4A51-9142-1F804358F240}.Release JavaScript|Win32.Build.0 = Release JavaScript|Win32
		{F17D131A-9054-4A51-9142-1F804358F240}.Release Unicode|Win32.ActiveCfg = Release Unicode|Win32
		{F17D131A-9054-4A51-9142-1F804358F240}.Release Unicode|Win32.Build.0 = Release Unicode|Win32
		{F17D131A-9054-4A51-9142-1F804358F240}.Release|Win32.ActiveCfg = Release|Win32
		{F17D131A-9054-4A51-9142-1F804358F240}.Release|Win32.Build.0 = Release|Win32
		{D5723F3B-1393-401A-9B51-04894C948941}.Debug JavaScript Unicode 8bpp|Win32.ActiveCfg = Debug JavaScript Unicode 8bpp|Win32
		{D5723F3B-1393-401A-9B51-04894C948941}.Debug JavaScript Unicode 8bpp|Win32.Build.0 = Debug JavaScript Unicode 8bpp|Win32
		{D5723F3B-1393-401A-9B51-04894C948941}.Debug JavaScript Unicode|Win32.ActiveCfg = Debug JavaScript Unicode|Win32
		{D5723F3B-1393-401A-9B51-04894C948941}.Debug JavaScript Unicode|Win32.Build.0 = Debug JavaScript Unicode|Win32
		{D5723F3B-1393-401A-9B51-04894C948941}.Debug JavaScript|Win32.ActiveCfg = Debug JavaScript|Win32
		{D5723F3B-1393-401A-9B51-04894C948941}.Debug JavaScript|Win32.Build.0 = Debug JavaScript|Win32
		{D5723F3B-1393-401A-9B51-04894C948941}.Debug Unicode|Win32.ActiveCfg = Debug Unicode|Win32
		{D5723F3B-1393-401A-9B51-04894C948941}.Debug Unicode|Win32.Build.0 = Debug Unicode|Win32
		{D5723F3B-1393-401A-9B51-04894C948941}.Debug|Win32.ActiveCfg = Debug|Win32
		{D5723F3B-1393-401A-9B51-04894C948941}.Debug|Win32.Build.0 = Debug|Win32
		{D5723F3B-1393-401A-9B51-04894C948941}.Release JavaScript Unicode|Win32.ActiveCfg = Release JavaScript Unicode|Win32
		{D5723F3B-1393-401A-9B51-04894C948941}.Release JavaScript Unicode|Win32.Build.0 = Release JavaScript Unicode|Win32
		{D5723F3B-1393-401A-9B51-04894C948941}.Release JavaScript|Win32.ActiveCfg = Release JavaScript|Win32
		{D5723F3B-1393-401A-9B51-04894C948941}.Release JavaScript|Win32.Build.0 = Release JavaScript|Win32
		{D5723F3B-1393-401A-9B51-04894C948941}.Release Unicode|Win32.ActiveCfg = Release Unicode|Win32
		{D5723F3B-1393-401A-9B51-04894C948941}.Release Unicode|Win32.Build.0 = Release Unicode|Win32
		{D5723F3B-1393-401A-9B51-04894C948941}.Release|Win32.ActiveCfg = Release|Win32
		{D5723F3B-1393-401A-9B51-04894C948941}.Release|Win32.Build.0 = Release|Win32
		{90E68ACD-2855-4A5F-9AFD-017B91733CDB}.Debug JavaScript Unicode 8bpp|Win32.ActiveCfg = Debug JavaScript Unicode 8bpp|Win32
		{90E68ACD-2855-4A5F-9AFD-017B91733CDB}.Debug JavaScript Unicode 8bpp|Win32.Build.0 = Debug JavaScript Unicode 8bpp|Win32
		{90E68ACD-2855-4A5F-9AFD-017B91733CDB}.Debug JavaScript Unicode|Win32.ActiveCfg = Debug JavaScript Unicode|Win32
		{90E68ACD-2855-4A5F-9AFD-017B91733CDB}.Debug JavaScript Unicode|Win32.Build.0 = Debug JavaScript Unicode|Win32
		{90E68ACD-2855-4A5F-9AFD-017B91733CDB}.Debug JavaScript|Win32.ActiveCfg = Debug JavaScript|Win32
		{90E68ACD-2855-4A5F-9AFD-017B91733CDB}.Debug JavaScript|Win32.Build.0 = Debug JavaScript|Win32
		{90E68ACD-2855-4A5F-9AFD-017B91733CDB}.Debug Unicode|Win32.ActiveCfg = Debug Unicode|Win32
		{90E68ACD-2855-4A5F-9AFD-017B91733CDB}.Debug Unicode|Win32.Build.0 = Debug Unicode|Win32
		{90E68ACD-2855-4A5F-9AFD-017B91733CDB}.Debug|Win32.ActiveCfg = Debug|Win32
		{90E68ACD-2855-4A5F-9AFD-017B91733CDB}.Debug|Win32.Build.0 = Debug|Win32
		{90E68ACD-2855-4A5F-9AFD-017B91733CDB}.Release JavaScript Unicode|Win32.ActiveCfg = Release JavaScript Unicode|Win32
		{90E68ACD-2855-4A5F-9AFD-017B91733CDB}.Release JavaScript Unicode|Win32.Build.0 = Release JavaScript Unicode|Win32
		{90E68ACD-2855-4A5F-9AFD-017B91733CDB}.Release JavaScript|Win32.ActiveCfg = Release JavaScript|Win32
		{90E68ACD-2855-4A5F-9AFD-017B91733CDB}.Release JavaScript|Win32.Build.0 = Release JavaScript|Win32
		{90E68ACD-2855-4A5F-9AFD-017B91733CDB}.Release Unicode|Win32.ActiveCfg = Release Unicode|Win32
		{90E68ACD-2855-4A5F-9AFD-017B91733CDB}.Release Unicode|Win32.Build.0 = Release Unicode|Win32
		{90E68ACD-2855-4A5F-9AFD-017B91733CDB}.Release|Win32.ActiveCfg = Release|Win32
		{90E68ACD-2855-4A5F-9AFD-017B91733CDB}.Release|Win32.Build.0 = Release|Win32
		{387729E2-07B2-4A61-98B8-189CADBC0197}.Debug JavaScript Unicode 8bpp|Win32.ActiveCfg = Debug JavaScript Unicode 8bpp|Win32
		{387729E2-07B2-4A61-98B8-189CADBC0197}.Debug JavaScript Unicode 8bpp|Win32.Build.0 = Debug JavaScript Unicode 8bpp|Win32
		{387729E2-07B2-4A61-98B8-189CADBC0197}.Debug JavaScript Unicode|Win32.ActiveCfg = Debug JavaScript Unicode|Win32
		{387729E2-07B2-4A61-98B8-189CADBC0197}.Debug JavaScript Unicode|Win32.Build.0 = Debug JavaScript Unicode|Win32
		{387729E2-07B2-4A61-98B8-189CADBC0197}.Debug JavaScript|Win32.ActiveCfg = Debug JavaScript|Win32
		{387729E2-07B2-4A61-98B8-189CADBC0197}.Debug JavaScript|Win32.Build.0 = Debug JavaScript|Win32
		{387729E2-07B2-4A61-98B8-189CADBC0197}.Debug Unicode|Win32.ActiveCfg = Debug JavaScript Unicode|Win32
		{387729E2-07B2-4A61-98B8-189CADBC0197}.Debug Unicode|Win32.Build.0 = Debug JavaScript Unicode|Win32
		{387729E2-07B2-4A61-98B8-189CADBC0197}.Debug|Win32.ActiveCfg = Debug|Win32
		{387729E2-07B2-4A61-98B8-189CADBC0197}.Debug|Win32.Build.0 = Debug|Win32
		{387729E2-07B2-4A61-98B8-189CADBC0197}.Release JavaScript Unicode|Win32.ActiveCfg = Release JavaScript Unicode|Win32
		{387729E2-07B2-4A61-98B8-189CADBC0197}.Release JavaScript Unicode|Win32.Build.0 = Release JavaScript Unicode|Win32
		{387729E2-07B2-4A61-98B8-189CADBC0197}.Release JavaScript|Win32.ActiveCfg = Release JavaScript|Win32
		{387729E2-07B2-4A61-98B8-189CADBC0197}.Release JavaScript|Win32.Build.0 = Release JavaScript|Win32
		{387729E2-07B2-4A61-98B8-189CADBC0197}.Release Unicode|Win32.ActiveCfg = Release JavaScript Unicode|Win32
		{387729E2-07B2-4A61-98B8-189CADBC0197}.Release Unicode|Win32.Build.0 = Release JavaScript Unicode|Win32
		{387729E2-07B2-4A61-98B8-189CADBC0197}.Release|Win32.ActiveCfg = Release|Win32
		{387729E2-07B2-4A61-98B8-189CADBC0197}.Release|Win32.Build.0 = Release|Win32
		{92758A79-F785-4B69-86FD-05F34DC22C7A}.Debug JavaScript Unicode 8bpp|Win32.ActiveCfg = Debug JavaScript Unicode 8bpp|Win32
		{92758A79-F785-4B69-86FD-05F34DC22C7A}.Debug JavaScript Unicode 8bpp|Win32.Build.0 = Debug JavaScript Unicode 8bpp|Win32
		{92758A79-F785-4B69-86FD-05F34DC22C7A}.Debug JavaScript Unicode|Win32.ActiveCfg = Debug JavaScript Unicode|Win32
		{92758A79-F785-4B69-86FD-05F34DC22C7A}.Debug JavaScript Unicode|Win32.Build.0 = Debug JavaScript Unicode|Win32
		{92758A79-F785-4B69-86FD-05F34DC22C7A}.Debug JavaScript|Win32.ActiveCfg = Debug JavaScript|Win32
		{92758A79-F785-4B69-86FD-05F34DC22C7A}.Debug JavaScript|Win32.Build.0 = Debug JavaScript|Win32
		{92758A79-F785-4B69-86FD-05F34DC22C7A}.Debug Unicode|Win32.ActiveCfg = Debug Unicode|Win32
		{92758A79-F785-4B69-86FD-05F34DC22C7A}.Debug Unicode|Win32.Build.0 = Debug Unicode|Win32
		{92758A79-F785-4B69-86FD-05F34DC22C7A}.Debug|Win32.ActiveCfg = Debug|Win32
		{92758A79-F785-4B69-86FD-05F34DC22C7A}.Debug|Win32.Build.0 = Debug|Win32
		{92758A79-F785-4B69-86FD-05F34DC22C7A}.Release JavaScript Unicode|Win32.ActiveCfg = Release JavaScript Unicode|Win32
		{92758A79-F785-4B69-86FD-05F34DC22C7A}.Release JavaScript Unicode|Win32.Build.0 = Release JavaScript Unicode|Win32
		{92758A79-F785-4B69-86FD-05F34DC22C7A}.Release JavaScript|Win32.ActiveCfg = Release JavaScript|Win32
		{92758A79-F785-4B69-86FD-05F34DC22C7A}.Release JavaScript|Win32.Build.0 = Release JavaScript|Win32
		{92758A79-F785-4B69-86FD-05F34DC22C7A}.Release Unicode|Win32.ActiveCfg = Release Unicode|Win32
		{92758A79-F785-4B69-86FD-05F34DC22C7A}.Release Unicode|Win32.Build.0 = Release Unicode|Win32
		{92758A79-F785-4B69-86FD-05F34DC22C7A}.Release|Win32.ActiveCfg = Release|Win32
		{92758A79-F785-4B69-86FD-05F34DC22C7A}.Release|Win32.Build.0 = Release|Win32
		{A426F109-410E-4DD9-B92B-402DB5984540}.Debug JavaScript Unicode 8bpp|Win32.ActiveCfg = Debug JavaScript Unicode 8bpp|Win32
		{A426F109-410E-4DD9-B92B-402DB5984540}.Debug JavaScript Unicode 8bpp|Win32.Build.0 = Debug JavaScript Unicode 8bpp|Win32
		{A426F109-410E-4DD9-B92B-402DB5984540}.Debug JavaScript Unicode|Win32.ActiveCfg = Debug JavaScript Unicode|Win32
		{A426F109-410E-4DD9-B92B-402DB5984540}.Debug JavaScript Unicode|Win32.Build.0 = Debug JavaScript Unicode|Win32
		{A426F109-410E-4DD9-B92B-402DB5984540}.Debug JavaScript|Win32.ActiveCfg = Debug JavaScript|Win32
		{A426F109-410E-4DD9-B92B-402DB5984540}.Debug JavaScript|Win32.Build.0 = Debug JavaScript|Win32
		{A426F109-410E-4DD9-B92B-402DB5984540}.Debug Unicode|Win32.ActiveCfg = Debug Unicode|Win32
		{A426F109-410E-4DD9-B92B-402DB5984540}.Debug Unicode|Win32.Build.0 = Debug Unicode|Win32
		{A426F109-410E-4DD9-B92B-402DB5984540}.Debug|Win32.ActiveCfg = Debug|Win32
		{A426F109-410E-4DD9-B92B-402DB5984540}.Debug|Win32.Build.0 = Debug|Win32
		{A426F109-410E-4DD9-B92B-402DB5984540}.Release JavaScript Unicode|Win32.ActiveCfg = Release JavaScript Unicode|Win32
		{A426F109-410E-4DD9-B92B-402DB5984540}.Release JavaScript Unicode|Win32.Build.0 = Release JavaScript Unicode|Win32
		{A426F109-410E-4DD9-B92B-402DB5984540}.Release JavaScript|Win32.ActiveCfg = Release JavaScript|Win32
		{A426F109-410E-4DD9-B92B-402DB5984540}.Release JavaScript|Win32.Build.0 = Release JavaScript|Win32
		{A426F109-410E-4DD9-B92B-402DB5984540}.Release Unicode|Win32.ActiveCfg = Release Unicode|Win32
		{A426F109-410E-4DD9-B92B-402DB5984540}.Release Unicode|Win32.Build.0 = Release Unicode|Win32
		{A426F109-410E-4DD9-B92B-402DB5984540}.Release|Win32.ActiveCfg = Release|Win32
		{A426F109-410E-4DD9-B92B-402DB5984540}.Release|Win32.Build.0 = Release|Win32
		{ED7D98EB-F0D6-4F20-B6DA-7F37EBA59318}.Debug JavaScript Unicode 8bpp|Win32.ActiveCfg = Debug JavaScript Unicode 8bpp|Win32
		{ED7D98EB-F0D6-4F20-B6DA-7F37EBA59318}.Debug JavaScript Unicode 8bpp|Win32.Build.0 = Debug JavaScript Unicode 8bpp|Win32
		{ED7D98EB-F0D6-4F20-B6DA-7F37EBA59318}.Debug JavaScript Unicode|Win32.ActiveCfg = Debug JavaScript Unicode|Win32
		{ED7D98EB-F0D6-4F20-B6DA-7F37EBA59318}.Debug JavaScript Unicode|Win32.Build.0 = Debug JavaScript Unicode|Win32
		{ED7D98EB-F0D6-4F20-B6DA-7F37EBA59318}.Debug JavaScript|Win32.ActiveCfg = Debug JavaScript|Win32
		{ED7D98EB-F0D6-4F20-B6DA-7F37EBA59318}.Debug JavaScript|Win32.Build.0 = Debug JavaScript|Win32
		{ED7D98EB-F0D6-4F20-B6DA-7F37EBA59318}.Debug Unicode|Win32.ActiveCfg = Debug Unicode|Win32
		{ED7D98EB-F0D6-4F20-B6DA-7F37EBA59318}.Debug Unicode|Win32.Build.0 = Debug Unicode|Win32
		{ED7D98EB-F0D6-4F20-B6DA-7F37EBA59318}.Debug|Win32.ActiveCfg = Debug|Win32
		{ED7D98EB-F0D6-4F20-B6DA-7F37EBA59318}.Debug|Win32.Build.0 = Debug|Win32
		{ED7D98EB-F0D6-4F20-B6DA-7F37EBA59318}.Release JavaScript Unicode|Win32.ActiveCfg = Release JavaScript Unicode|Win32
		{ED7D98EB-F0D6-4F20-B6DA-7F37EBA59318}.Release JavaScript Unicode|Win32.Build.0 = Release JavaScript Unicode|Win32
		{ED7D98EB-F0D6-4F20-B6DA-7F37EBA59318}.Release JavaScript|Win32.ActiveCfg = Release JavaScript|Win32
		{ED7D98EB-F0D6-4F20-B6DA-7F37EBA59318}.Release JavaScript|Win32.Build.0 = Release JavaScript|Win32
		{ED7D98EB-F0D6-4F20-B6DA-7F37EBA59318}.Release Unicode|Win32.ActiveCfg = Release Unicode|Win32
		{ED7D98EB-F0D6-4F20-B6DA-7F37EBA59318}.Release Unicode|Win32.Build.0 = Release Unicode|Win32
		{ED7D98EB-F0D6-4F20-B6DA-7F37EBA59318}.Release|Win32.ActiveCfg = Release|Win32
		{ED7D98EB-F0D6-4F20-B6DA-7F37EBA59318}.Release|Win32.Build.0 = Release|Win32
		{5DE84D5A-A084-4556-9DA1-1B7B59F83DFA}.Debug JavaScript Unicode 8bpp|Win32.ActiveCfg = Debug JavaScript Unicode 8bpp|Win32
		{5DE84D5A-A084-4556-9DA1-1B7B59F83DFA}.Debug JavaScript Unicode 8bpp|Win32.Build.0 = Debug JavaScript Unicode 8bpp|Win32
		{5DE84D5A-A084-4556-9DA1-1B7B59F83DFA}.Debug JavaScript Unicode|Win32.ActiveCfg = Debug JavaScript Unicode|Win32
		{5DE84D5A-A084-4556-9DA1-1B7B59F83DFA}.Debug JavaScript Unicode|Win32.Build.0 = Debug JavaScript Unicode|Win32
		{5DE84D5A-A084-4556-9DA1-1B7B59F83DFA}.Debug JavaScript|Win32.ActiveCfg = Debug JavaScript|Win32
		{5DE84D5A-A084-4556-9DA1-1B7B59F83DFA}.Debug JavaScript|Win32.Build.0 = Debug JavaScript|Win32
		{5DE84D5A-A084-4556-9DA1-1B7B59F83DFA}.Debug Unicode|Win32.ActiveCfg = Debug Unicode|Win32
		{5DE84D5A-A084-4556-9DA1-1B7B59F83DFA}.Debug Unicode|Win32.Build.0 = Debug Unicode|Win32
		{5DE84D5A-A084-4556-9DA1-1B7B59F83DFA}.Debug|Win32.ActiveCfg = Debug|Win32
		{5DE84D5A-A084-4556-9DA1-1B7B59F83DFA}.Debug|Win32.Build.0 = Debug|Win32
		{5DE84D5A-A084-4556-9DA1-1B7B59F83DFA}.Release JavaScript Unicode|Win32.ActiveCfg = Release JavaScript Unicode|Win32
		{5DE84D5A-A084-4556-9DA1-1B7B59F83DFA}.Release JavaScript Unicode|Win32.Build.0 = Release JavaScript Unicode|Win32
		{5DE84D5A-A084-4556-9DA1-1B7B59F83DFA}.Release JavaScript|Win32.ActiveCfg = Release JavaScript|Win32
		{5DE84D5A-A084-4556-9DA1-1B7B59F83DFA}.Release JavaScript|Win32.Build.0 = Release JavaScript|Win32
		{5DE84D5A-A084-4556-9DA1-1B7B59F83DFA}.Release Unicode|Win32.ActiveCfg = Release Unicode|Win32
		{5DE84D5A-A084-4556-9DA1-1B7B59F83DFA}.Release Unicode|Win32.Build.0 = Release Unicode|Win32
		{5DE84D5A-A084-4556-9DA1-1B7B59F83DFA}.Release|Win32.ActiveCfg = Release|Win32
		{5DE84D5A-A084-4556-9DA1-1B7B59F83DFA}.Release|Win32.Build.0 = Release|Win32
		{8E2041F6-26F9-46F3-9F9A-6D21CCE1633F}.Debug JavaScript Unicode 8bpp|Win32.ActiveCfg = Debug JavaScript Unicode 8bpp|Win32
		{8E2041F6-26F9-46F3-9F9A-6D21CCE1633F}.Debug JavaScript Unicode|Win32.ActiveCfg = Debug JavaScript Unicode|Win32
		{8E2041F6-26F9-46F3-9F9A-6D21CCE1633F}.Debug JavaScript|Win32.ActiveCfg = Debug JavaScript|Win32
		{8E2041F6-26F9-46F3-9F9A-6D21CCE1633F}.Debug Unicode|Win32.ActiveCfg = Debug Unicode|Win32
		{8E2041F6-26F9-46F3-9F9A-6D21CCE1633F}.Debug|Win32.ActiveCfg = Debug|Win32
		{8E2041F6-26F9-46F3-9F9A-6D21CCE1633F}.Release JavaScript Unicode|Win32.ActiveCfg = Release JavaScript Unicode|Win32
		{8E2041F6-26F9-46F3-9F9A-6D21CCE1633F}.Release JavaScript|Win32.ActiveCfg = Release JavaScript|Win32
		{8E2041F6-26F9-46F3-9F9A-6D21CCE1633F}.Release Unicode|Win32.ActiveCfg = Release Unicode|Win32
		{8E2041F6-26F9-46F3-9F9A-6D21CCE1633F}.Release|Win32.ActiveCfg = Release|Win32
		{877A4F66-7F3D-42D6-83FA-648ABCAF1269}.Debug JavaScript Unicode 8bpp|Win32.ActiveCfg = Debug JavaScript Unicode 8bpp|Win32
		{877A4F66-7F3D-42D6-83FA-648ABCAF1269}.Debug JavaScript Unicode 8bpp|Win32.Build.0 = Debug JavaScript Unicode 8bpp|Win32
		{877A4F66-7F3D-42D6-83FA-648ABCAF1269}.Debug JavaScript Unicode|Win32.ActiveCfg = Debug JavaScript Unicode|Win32
		{877A4F66-7F3D-42D6-83FA-648ABCAF1269}.Debug JavaScript Unicode|Win32.Build.0 = Debug JavaScript Unicode|Win32
		{877A4F66-7F3D-42D6-83FA-648ABCAF1269}.Debug JavaScript|Win32.ActiveCfg = Debug JavaScript|Win32
		{877A4F66-7F3D-42D6-83FA-648ABCAF1269}.Debug JavaScript|Win32.Build.0 = Debug JavaScript|Win32
		{877A4F66-7F3D-42D6-83FA-648ABCAF1269}.Debug Unicode|Win32.ActiveCfg = Debug Unicode|Win32
		{877A4F66-7F3D-42D6-83FA-648ABCAF1269}.Debug Unicode|Win32.Build.0 = Debug Unicode|Win32
		{877A4F66-7F3D-42D6-83FA-648ABCAF1269}.Debug|Win32.ActiveCfg = Debug|Win32
		{877A4F66-7F3D-42D6-83FA-648ABCAF1269}.Debug|Win32.Build.0 = Debug|Win32
		{877A4F66-7F3D-42D6-83FA-648ABCAF1269}.Release JavaScript Unicode|Win32.ActiveCfg = Release JavaScript Unicode|Win32
		{877A4F66-7F3D-42D6-83FA-648ABCAF1269}.Release JavaScript Unicode|Win32.Build.0 = Release JavaScript Unicode|Win32
		{877A4F66-7F3D-42D6-83FA-648ABCAF1269}.Release JavaScript|Win32.ActiveCfg = Release JavaScript|Win32
		{877A4F66-7F3D-42D6-83FA-648ABCAF1269}.Release JavaScript|Win32.Build.0 = Release JavaScript|Win32
		{877A4F66-7F3D-42D6-83FA-648ABCAF1269}.Release Unicode|Win32.ActiveCfg = Release Unicode|Win32
		{877A4F66-7F3D-42D6-83FA-648ABCAF1269}.Release Unicode|Win32.Build.0 = Release Unicode|Win32
		{877A4F66-7F3D-42D6-83FA-648ABCAF1269}.Release|Win32.ActiveCfg = Release|Win32
		{877A4F66-7F3D-42D6-83FA-648ABCAF1269}.Release|Win32.Build.0 = Release|Win32
	EndGlobalSection
	GlobalSection(SolutionProperties) = preSolution
		HideSolutionNode = FALSE
	EndGlobalSection
EndGlobal
