<?xml version="1.0" encoding="utf-8"?>
<Project ToolsVersion="4.0" xmlns="http://schemas.microsoft.com/developer/msbuild/2003">
  <ItemGroup>
    <Filter Include="Source Files">
      <UniqueIdentifier>{4FC737F1-C7A5-4376-A066-2A32D752A2FF}</UniqueIdentifier>
      <Extensions>cpp;c;cxx;def;odl;idl;hpj;bat;asm;asmx</Extensions>
    </Filter>
    <Filter Include="Header Files">
      <UniqueIdentifier>{93995380-89BD-4b04-88EB-625FBE52EBFB}</UniqueIdentifier>
      <Extensions>h;hpp;hxx;hm;inl;inc;xsd</Extensions>
    </Filter>
    <Filter Include="Resource Files">
      <UniqueIdentifier>{67DA6AB6-F800-4c08-8B7A-83BB121AAD01}</UniqueIdentifier>
      <Extensions>rc;ico;cur;bmp;dlg;rc2;rct;bin;rgs;gif;jpg;jpeg;jpe;resx</Extensions>
    </Filter>
    <Filter Include="xml">
      <UniqueIdentifier>{267cf119-1d72-4a3e-b5ac-7869ffd1f6dd}</UniqueIdentifier>
    </Filter>
    <Filter Include="FrameBuffer">
      <UniqueIdentifier>{64e191fc-204e-44d5-aee7-fbc3bf880964}</UniqueIdentifier>
    </Filter>
    <Filter Include="FrameBufferFonts">
      <UniqueIdentifier>{b76ab6fd-c8ac-4ae2-b525-92470454e86d}</UniqueIdentifier>
    </Filter>
  </ItemGroup>
  <ItemGroup>
    <ClCompile Include="webcdemo_gdip.cpp">
      <Filter>Source Files</Filter>
    </ClCompile>
    <ClCompile Include="..\..\..\gui\windows\source\webcgdip.cpp">
      <Filter>Source Files</Filter>
    </ClCompile>
    <ClCompile Include="..\..\..\gui\windows\source\wfgdip.cpp">
      <Filter>Source Files</Filter>
    </ClCompile>
    <ClCompile Include="..\..\..\ixml\v1.2\src\attr.c">
      <Filter>xml</Filter>
    </ClCompile>
    <ClCompile Include="..\..\..\ixml\v1.2\src\document.c">
      <Filter>xml</Filter>
    </ClCompile>
    <ClCompile Include="..\..\..\ixml\v1.2\src\element.c">
      <Filter>xml</Filter>
    </ClCompile>
    <ClCompile Include="..\..\..\ixml\v1.2\src\ixml.c">
      <Filter>xml</Filter>
    </ClCompile>
    <ClCompile Include="..\..\..\ixml\v1.2\src\ixmlmembuf.c">
      <Filter>xml</Filter>
    </ClCompile>
    <ClCompile Include="..\..\..\ixml\v1.2\src\ixmlparser.c">
      <Filter>xml</Filter>
    </ClCompile>
    <ClCompile Include="..\..\..\ixml\v1.2\src\namedNodeMap.c">
      <Filter>xml</Filter>
    </ClCompile>
    <ClCompile Include="..\..\..\ixml\v1.2\src\node.c">
      <Filter>xml</Filter>
    </ClCompile>
    <ClCompile Include="..\..\..\ixml\v1.2\src\nodeList.c">
      <Filter>xml</Filter>
    </ClCompile>
    <ClCompile Include="..\..\..\gui\framebuffer\source\FBAbstraction.cpp">
      <Filter>FrameBuffer</Filter>
    </ClCompile>
    <ClCompile Include="..\..\..\gui\framebuffer\source\FBAbstractionFonts.cpp">
      <Filter>FrameBuffer</Filter>
    </ClCompile>
    <ClCompile Include="..\..\..\gui\framebuffer\source\FBAbstractWindowManager.cpp">
      <Filter>FrameBuffer</Filter>
    </ClCompile>
    <ClCompile Include="..\..\..\gui\framebuffer\source\FBEventsandUtils.cpp">
      <Filter>FrameBuffer</Filter>
    </ClCompile>
    <ClCompile Include="..\..\..\gui\framebuffer\source\FBGraphicsContext.cpp">
      <Filter>FrameBuffer</Filter>
    </ClCompile>
    <ClCompile Include="..\..\..\gui\framebuffer\source\Filters.cpp">
      <Filter>FrameBuffer</Filter>
    </ClCompile>
    <ClCompile Include="..\..\..\gui\framebuffer\FB_Fonts\ArialBold10B0020E007e.c">
      <Filter>FrameBufferFonts</Filter>
    </ClCompile>
    <ClCompile Include="..\..\..\gui\framebuffer\FB_Fonts\ArialBold14B0020E007e.c">
      <Filter>FrameBufferFonts</Filter>
    </ClCompile>
    <ClCompile Include="..\..\..\gui\framebuffer\FB_Fonts\ArialBold20B0020E007e.c">
      <Filter>FrameBufferFonts</Filter>
    </ClCompile>
    <ClCompile Include="..\..\..\gui\framebuffer\FB_Fonts\ArialBold6B0020E007e.c">
      <Filter>FrameBufferFonts</Filter>
    </ClCompile>
    <ClCompile Include="..\..\..\gui\framebuffer\FB_Fonts\ArialBold9B0020E007e.c">
      <Filter>FrameBufferFonts</Filter>
    </ClCompile>
    <ClCompile Include="..\..\..\gui\framebuffer\FB_Fonts\ArialItalic10B0020E007e.c">
      <Filter>FrameBufferFonts</Filter>
    </ClCompile>
    <ClCompile Include="..\..\..\gui\framebuffer\FB_Fonts\ArialItalic6B0020E007e.c">
      <Filter>FrameBufferFonts</Filter>
    </ClCompile>
    <ClCompile Include="..\..\..\gui\framebuffer\FB_Fonts\ArialItalic9B0020E007e.c">
      <Filter>FrameBufferFonts</Filter>
    </ClCompile>
    <ClCompile Include="..\..\..\gui\framebuffer\FB_Fonts\ArialRegular10B0020E007e.c">
      <Filter>FrameBufferFonts</Filter>
    </ClCompile>
    <ClCompile Include="..\..\..\gui\framebuffer\FB_Fonts\ArialRegular14B0020E007e.c">
      <Filter>FrameBufferFonts</Filter>
    </ClCompile>
    <ClCompile Include="..\..\..\gui\framebuffer\FB_Fonts\ArialRegular20B0020E007e.c">
      <Filter>FrameBufferFonts</Filter>
    </ClCompile>
    <ClCompile Include="..\..\..\gui\framebuffer\FB_Fonts\ArialRegular6B0020E007e.c">
      <Filter>FrameBufferFonts</Filter>
    </ClCompile>
    <ClCompile Include="..\..\..\gui\framebuffer\FB_Fonts\ArialRegular9B0020E007e.c">
      <Filter>FrameBufferFonts</Filter>
    </ClCompile>
    <ClCompile Include="..\..\..\gui\framebuffer\FB_Fonts\CourierBold10B0020E007e.c">
      <Filter>FrameBufferFonts</Filter>
    </ClCompile>
    <ClCompile Include="..\..\..\gui\framebuffer\FB_Fonts\CourierBold14B0020E007e.c">
      <Filter>FrameBufferFonts</Filter>
    </ClCompile>
    <ClCompile Include="..\..\..\gui\framebuffer\FB_Fonts\CourierBold20B0020E007e.c">
      <Filter>FrameBufferFonts</Filter>
    </ClCompile>
    <ClCompile Include="..\..\..\gui\framebuffer\FB_Fonts\CourierRegular10B0020E007e.c">
      <Filter>FrameBufferFonts</Filter>
    </ClCompile>
    <ClCompile Include="..\..\..\gui\framebuffer\FB_Fonts\CourierRegular14B0020E007e.c">
      <Filter>FrameBufferFonts</Filter>
    </ClCompile>
    <ClCompile Include="..\..\..\gui\framebuffer\FB_Fonts\CourierRegular20B0020E007e.c">
      <Filter>FrameBufferFonts</Filter>
    </ClCompile>
    <ClCompile Include="..\..\..\gui\framebuffer\FB_Fonts\TahomaBold10B0020E007e.c">
      <Filter>FrameBufferFonts</Filter>
    </ClCompile>
    <ClCompile Include="..\..\..\gui\framebuffer\FB_Fonts\TahomaBold11B0020E007e.c">
      <Filter>FrameBufferFonts</Filter>
    </ClCompile>
    <ClCompile Include="..\..\..\gui\framebuffer\FB_Fonts\TahomaBold12B0020E007e.c">
      <Filter>FrameBufferFonts</Filter>
    </ClCompile>
    <ClCompile Include="..\..\..\gui\framebuffer\FB_Fonts\TahomaBold13B0020E007e.c">
      <Filter>FrameBufferFonts</Filter>
    </ClCompile>
    <ClCompile Include="..\..\..\gui\framebuffer\FB_Fonts\TahomaBold14B0020E007e.c">
      <Filter>FrameBufferFonts</Filter>
    </ClCompile>
    <ClCompile Include="..\..\..\gui\framebuffer\FB_Fonts\TahomaBold15B0020E007e.c">
      <Filter>FrameBufferFonts</Filter>
    </ClCompile>
    <ClCompile Include="..\..\..\gui\framebuffer\FB_Fonts\TahomaBold16B0020E007e.c">
      <Filter>FrameBufferFonts</Filter>
    </ClCompile>
    <ClCompile Include="..\..\..\gui\framebuffer\FB_Fonts\TahomaBold17B0020E007e.c">
      <Filter>FrameBufferFonts</Filter>
    </ClCompile>
    <ClCompile Include="..\..\..\gui\framebuffer\FB_Fonts\TahomaBold18B0020E007e.c">
      <Filter>FrameBufferFonts</Filter>
    </ClCompile>
    <ClCompile Include="..\..\..\gui\framebuffer\FB_Fonts\TahomaBold20B0020E007e.c">
      <Filter>FrameBufferFonts</Filter>
    </ClCompile>
    <ClCompile Include="..\..\..\gui\framebuffer\FB_Fonts\TahomaBold22B0020E007e.c">
      <Filter>FrameBufferFonts</Filter>
    </ClCompile>
    <ClCompile Include="..\..\..\gui\framebuffer\FB_Fonts\TahomaBold24B0020E007e.c">
      <Filter>FrameBufferFonts</Filter>
    </ClCompile>
    <ClCompile Include="..\..\..\gui\framebuffer\FB_Fonts\TahomaRegular10B0020E007e.c">
      <Filter>FrameBufferFonts</Filter>
    </ClCompile>
    <ClCompile Include="..\..\..\gui\framebuffer\FB_Fonts\TahomaRegular11B0020E007e.c">
      <Filter>FrameBufferFonts</Filter>
    </ClCompile>
    <ClCompile Include="..\..\..\gui\framebuffer\FB_Fonts\TahomaRegular12B0020E007e.c">
      <Filter>FrameBufferFonts</Filter>
    </ClCompile>
    <ClCompile Include="..\..\..\gui\framebuffer\FB_Fonts\TahomaRegular13B0020E007e.c">
      <Filter>FrameBufferFonts</Filter>
    </ClCompile>
    <ClCompile Include="..\..\..\gui\framebuffer\FB_Fonts\TahomaRegular14B0020E007e.c">
      <Filter>FrameBufferFonts</Filter>
    </ClCompile>
    <ClCompile Include="..\..\..\gui\framebuffer\FB_Fonts\TahomaRegular15B0020E007e.c">
      <Filter>FrameBufferFonts</Filter>
    </ClCompile>
    <ClCompile Include="..\..\..\gui\framebuffer\FB_Fonts\TahomaRegular16B0020E007e.c">
      <Filter>FrameBufferFonts</Filter>
    </ClCompile>
    <ClCompile Include="..\..\..\gui\framebuffer\FB_Fonts\TahomaRegular17B0020E007e.c">
      <Filter>FrameBufferFonts</Filter>
    </ClCompile>
    <ClCompile Include="..\..\..\gui\framebuffer\FB_Fonts\TahomaRegular18B0020E007e.c">
      <Filter>FrameBufferFonts</Filter>
    </ClCompile>
    <ClCompile Include="..\..\..\gui\framebuffer\FB_Fonts\TahomaRegular20B0020E007e.c">
      <Filter>FrameBufferFonts</Filter>
    </ClCompile>
    <ClCompile Include="..\..\..\gui\framebuffer\FB_Fonts\TahomaRegular22B0020E007e.c">
      <Filter>FrameBufferFonts</Filter>
    </ClCompile>
    <ClCompile Include="..\..\..\gui\framebuffer\FB_Fonts\TahomaRegular24B0020E007e.c">
      <Filter>FrameBufferFonts</Filter>
    </ClCompile>
    <ClCompile Include="..\..\..\gui\framebuffer\source\WindowsBitMapFrameBuffer.cpp">
      <Filter>FrameBuffer</Filter>
    </ClCompile>
    <ClCompile Include="..\..\..\gui\framebuffer\source\WindowsBitMapEventing.cpp">
      <Filter>FrameBuffer</Filter>
    </ClCompile>
    <ClCompile Include="..\..\..\gui\framebuffer\source\FrameBufferDriver.cpp">
      <Filter>FrameBuffer</Filter>
    </ClCompile>
  </ItemGroup>
  <ItemGroup>
    <ClInclude Include="Resource.h">
      <Filter>Header Files</Filter>
    </ClInclude>
    <ClInclude Include="webcdemo_gdip.h">
      <Filter>Header Files</Filter>
    </ClInclude>
    <ClInclude Include="..\..\..\gui\framebuffer\FB_Fonts\ArialBold10B0020E007e.h">
      <Filter>FrameBufferFonts</Filter>
    </ClInclude>
    <ClInclude Include="..\..\..\gui\framebuffer\FB_Fonts\ArialBold14B0020E007e.h">
      <Filter>FrameBufferFonts</Filter>
    </ClInclude>
    <ClInclude Include="..\..\..\gui\framebuffer\FB_Fonts\ArialBold20B0020E007e.h">
      <Filter>FrameBufferFonts</Filter>
    </ClInclude>
    <ClInclude Include="..\..\..\gui\framebuffer\FB_Fonts\ArialBold6B0020E007e.h">
      <Filter>FrameBufferFonts</Filter>
    </ClInclude>
    <ClInclude Include="..\..\..\gui\framebuffer\FB_Fonts\ArialBold9B0020E007e.h">
      <Filter>FrameBufferFonts</Filter>
    </ClInclude>
    <ClInclude Include="..\..\..\gui\framebuffer\FB_Fonts\ArialItalic10B0020E007e.h">
      <Filter>FrameBufferFonts</Filter>
    </ClInclude>
    <ClInclude Include="..\..\..\gui\framebuffer\FB_Fonts\ArialItalic6B0020E007e.h">
      <Filter>FrameBufferFonts</Filter>
    </ClInclude>
    <ClInclude Include="..\..\..\gui\framebuffer\FB_Fonts\ArialItalic9B0020E007e.h">
      <Filter>FrameBufferFonts</Filter>
    </ClInclude>
    <ClInclude Include="..\..\..\gui\framebuffer\FB_Fonts\ArialRegular10B0020E007e.h">
      <Filter>FrameBufferFonts</Filter>
    </ClInclude>
    <ClInclude Include="..\..\..\gui\framebuffer\FB_Fonts\ArialRegular14B0020E007e.h">
      <Filter>FrameBufferFonts</Filter>
    </ClInclude>
    <ClInclude Include="..\..\..\gui\framebuffer\FB_Fonts\ArialRegular20B0020E007e.h">
      <Filter>FrameBufferFonts</Filter>
    </ClInclude>
    <ClInclude Include="..\..\..\gui\framebuffer\FB_Fonts\ArialRegular6B0020E007e.h">
      <Filter>FrameBufferFonts</Filter>
    </ClInclude>
    <ClInclude Include="..\..\..\gui\framebuffer\FB_Fonts\ArialRegular9B0020E007e.h">
      <Filter>FrameBufferFonts</Filter>
    </ClInclude>
    <ClInclude Include="..\..\..\gui\framebuffer\FB_Fonts\CourierBold10B0020E007e.h">
      <Filter>FrameBufferFonts</Filter>
    </ClInclude>
    <ClInclude Include="..\..\..\gui\framebuffer\FB_Fonts\CourierBold14B0020E007e.h">
      <Filter>FrameBufferFonts</Filter>
    </ClInclude>
    <ClInclude Include="..\..\..\gui\framebuffer\FB_Fonts\CourierBold20B0020E007e.h">
      <Filter>FrameBufferFonts</Filter>
    </ClInclude>
    <ClInclude Include="..\..\..\gui\framebuffer\FB_Fonts\CourierRegular10B0020E007e.h">
      <Filter>FrameBufferFonts</Filter>
    </ClInclude>
    <ClInclude Include="..\..\..\gui\framebuffer\FB_Fonts\CourierRegular14B0020E007e.h">
      <Filter>FrameBufferFonts</Filter>
    </ClInclude>
    <ClInclude Include="..\..\..\gui\framebuffer\FB_Fonts\CourierRegular20B0020E007e.h">
      <Filter>FrameBufferFonts</Filter>
    </ClInclude>
    <ClInclude Include="..\..\..\gui\framebuffer\FB_Fonts\TahomaBold10B0020E007e.h">
      <Filter>FrameBufferFonts</Filter>
    </ClInclude>
    <ClInclude Include="..\..\..\gui\framebuffer\FB_Fonts\TahomaBold11B0020E007e.h">
      <Filter>FrameBufferFonts</Filter>
    </ClInclude>
    <ClInclude Include="..\..\..\gui\framebuffer\FB_Fonts\TahomaBold12B0020E007e.h">
      <Filter>FrameBufferFonts</Filter>
    </ClInclude>
    <ClInclude Include="..\..\..\gui\framebuffer\FB_Fonts\TahomaBold13B0020E007e.h">
      <Filter>FrameBufferFonts</Filter>
    </ClInclude>
    <ClInclude Include="..\..\..\gui\framebuffer\FB_Fonts\TahomaBold14B0020E007e.h">
      <Filter>FrameBufferFonts</Filter>
    </ClInclude>
    <ClInclude Include="..\..\..\gui\framebuffer\FB_Fonts\TahomaBold15B0020E007e.h">
      <Filter>FrameBufferFonts</Filter>
    </ClInclude>
    <ClInclude Include="..\..\..\gui\framebuffer\FB_Fonts\TahomaBold16B0020E007e.h">
      <Filter>FrameBufferFonts</Filter>
    </ClInclude>
    <ClInclude Include="..\..\..\gui\framebuffer\FB_Fonts\TahomaBold17B0020E007e.h">
      <Filter>FrameBufferFonts</Filter>
    </ClInclude>
    <ClInclude Include="..\..\..\gui\framebuffer\FB_Fonts\TahomaBold18B0020E007e.h">
      <Filter>FrameBufferFonts</Filter>
    </ClInclude>
    <ClInclude Include="..\..\..\gui\framebuffer\FB_Fonts\TahomaBold20B0020E007e.h">
      <Filter>FrameBufferFonts</Filter>
    </ClInclude>
    <ClInclude Include="..\..\..\gui\framebuffer\FB_Fonts\TahomaBold22B0020E007e.h">
      <Filter>FrameBufferFonts</Filter>
    </ClInclude>
    <ClInclude Include="..\..\..\gui\framebuffer\FB_Fonts\TahomaBold24B0020E007e.h">
      <Filter>FrameBufferFonts</Filter>
    </ClInclude>
    <ClInclude Include="..\..\..\gui\framebuffer\FB_Fonts\TahomaRegular10B0020E007e.h">
      <Filter>FrameBufferFonts</Filter>
    </ClInclude>
    <ClInclude Include="..\..\..\gui\framebuffer\FB_Fonts\TahomaRegular11B0020E007e.h">
      <Filter>FrameBufferFonts</Filter>
    </ClInclude>
    <ClInclude Include="..\..\..\gui\framebuffer\FB_Fonts\TahomaRegular12B0020E007e.h">
      <Filter>FrameBufferFonts</Filter>
    </ClInclude>
    <ClInclude Include="..\..\..\gui\framebuffer\FB_Fonts\TahomaRegular13B0020E007e.h">
      <Filter>FrameBufferFonts</Filter>
    </ClInclude>
    <ClInclude Include="..\..\..\gui\framebuffer\FB_Fonts\TahomaRegular14B0020E007e.h">
      <Filter>FrameBufferFonts</Filter>
    </ClInclude>
    <ClInclude Include="..\..\..\gui\framebuffer\FB_Fonts\TahomaRegular15B0020E007e.h">
      <Filter>FrameBufferFonts</Filter>
    </ClInclude>
    <ClInclude Include="..\..\..\gui\framebuffer\FB_Fonts\TahomaRegular16B0020E007e.h">
      <Filter>FrameBufferFonts</Filter>
    </ClInclude>
    <ClInclude Include="..\..\..\gui\framebuffer\FB_Fonts\TahomaRegular17B0020E007e.h">
      <Filter>FrameBufferFonts</Filter>
    </ClInclude>
    <ClInclude Include="..\..\..\gui\framebuffer\FB_Fonts\TahomaRegular18B0020E007e.h">
      <Filter>FrameBufferFonts</Filter>
    </ClInclude>
    <ClInclude Include="..\..\..\gui\framebuffer\FB_Fonts\TahomaRegular20B0020E007e.h">
      <Filter>FrameBufferFonts</Filter>
    </ClInclude>
    <ClInclude Include="..\..\..\gui\framebuffer\FB_Fonts\TahomaRegular22B0020E007e.h">
      <Filter>FrameBufferFonts</Filter>
    </ClInclude>
    <ClInclude Include="..\..\..\gui\framebuffer\FB_Fonts\TahomaRegular24B0020E007e.h">
      <Filter>FrameBufferFonts</Filter>
    </ClInclude>
  </ItemGroup>
  <ItemGroup>
    <None Include="small.ico">
      <Filter>Resource Files</Filter>
    </None>
    <None Include="webcdemo_gdip.ico">
      <Filter>Resource Files</Filter>
    </None>
    <None Include="..\..\..\gui\framebuffer\FB_Fonts\ArialBold10B0020E007e">
      <Filter>FrameBufferFonts</Filter>
    </None>
    <None Include="..\..\..\gui\framebuffer\FB_Fonts\ArialBold14B0020E007e">
      <Filter>FrameBufferFonts</Filter>
    </None>
    <None Include="..\..\..\gui\framebuffer\FB_Fonts\ArialBold20B0020E007e">
      <Filter>FrameBufferFonts</Filter>
    </None>
    <None Include="..\..\..\gui\framebuffer\FB_Fonts\ArialBold6B0020E007e">
      <Filter>FrameBufferFonts</Filter>
    </None>
    <None Include="..\..\..\gui\framebuffer\FB_Fonts\ArialBold9B0020E007e">
      <Filter>FrameBufferFonts</Filter>
    </None>
    <None Include="..\..\..\gui\framebuffer\FB_Fonts\ArialItalic10B0020E007e">
      <Filter>FrameBufferFonts</Filter>
    </None>
    <None Include="..\..\..\gui\framebuffer\FB_Fonts\ArialItalic6B0020E007e">
      <Filter>FrameBufferFonts</Filter>
    </None>
    <None Include="..\..\..\gui\framebuffer\FB_Fonts\ArialItalic9B0020E007e">
      <Filter>FrameBufferFonts</Filter>
    </None>
    <None Include="..\..\..\gui\framebuffer\FB_Fonts\ArialRegular10B0020E007e">
      <Filter>FrameBufferFonts</Filter>
    </None>
    <None Include="..\..\..\gui\framebuffer\FB_Fonts\ArialRegular14B0020E007e">
      <Filter>FrameBufferFonts</Filter>
    </None>
    <None Include="..\..\..\gui\framebuffer\FB_Fonts\ArialRegular20B0020E007e">
      <Filter>FrameBufferFonts</Filter>
    </None>
    <None Include="..\..\..\gui\framebuffer\FB_Fonts\ArialRegular6B0020E007e">
      <Filter>FrameBufferFonts</Filter>
    </None>
    <None Include="..\..\..\gui\framebuffer\FB_Fonts\ArialRegular9B0020E007e">
      <Filter>FrameBufferFonts</Filter>
    </None>
    <None Include="..\..\..\gui\framebuffer\FB_Fonts\CourierBold10B0020E007e">
      <Filter>FrameBufferFonts</Filter>
    </None>
    <None Include="..\..\..\gui\framebuffer\FB_Fonts\CourierBold14B0020E007e">
      <Filter>FrameBufferFonts</Filter>
    </None>
    <None Include="..\..\..\gui\framebuffer\FB_Fonts\CourierBold20B0020E007e">
      <Filter>FrameBufferFonts</Filter>
    </None>
    <None Include="..\..\..\gui\framebuffer\FB_Fonts\CourierRegular10B0020E007e">
      <Filter>FrameBufferFonts</Filter>
    </None>
    <None Include="..\..\..\gui\framebuffer\FB_Fonts\CourierRegular14B0020E007e">
      <Filter>FrameBufferFonts</Filter>
    </None>
    <None Include="..\..\..\gui\framebuffer\FB_Fonts\CourierRegular20B0020E007e">
      <Filter>FrameBufferFonts</Filter>
    </None>
    <None Include="..\..\..\gui\framebuffer\FB_Fonts\TahomaBold10B0020E007e">
      <Filter>FrameBufferFonts</Filter>
    </None>
    <None Include="..\..\..\gui\framebuffer\FB_Fonts\TahomaBold11B0020E007e">
      <Filter>FrameBufferFonts</Filter>
    </None>
    <None Include="..\..\..\gui\framebuffer\FB_Fonts\TahomaBold12B0020E007e">
      <Filter>FrameBufferFonts</Filter>
    </None>
    <None Include="..\..\..\gui\framebuffer\FB_Fonts\TahomaBold13B0020E007e">
      <Filter>FrameBufferFonts</Filter>
    </None>
    <None Include="..\..\..\gui\framebuffer\FB_Fonts\TahomaBold14B0020E007e">
      <Filter>FrameBufferFonts</Filter>
    </None>
    <None Include="..\..\..\gui\framebuffer\FB_Fonts\TahomaBold15B0020E007e">
      <Filter>FrameBufferFonts</Filter>
    </None>
    <None Include="..\..\..\gui\framebuffer\FB_Fonts\TahomaBold16B0020E007e">
      <Filter>FrameBufferFonts</Filter>
    </None>
    <None Include="..\..\..\gui\framebuffer\FB_Fonts\TahomaBold17B0020E007e">
      <Filter>FrameBufferFonts</Filter>
    </None>
    <None Include="..\..\..\gui\framebuffer\FB_Fonts\TahomaBold18B0020E007e">
      <Filter>FrameBufferFonts</Filter>
    </None>
    <None Include="..\..\..\gui\framebuffer\FB_Fonts\TahomaBold20B0020E007e">
      <Filter>FrameBufferFonts</Filter>
    </None>
    <None Include="..\..\..\gui\framebuffer\FB_Fonts\TahomaBold22B0020E007e">
      <Filter>FrameBufferFonts</Filter>
    </None>
    <None Include="..\..\..\gui\framebuffer\FB_Fonts\TahomaBold24B0020E007e">
      <Filter>FrameBufferFonts</Filter>
    </None>
    <None Include="..\..\..\gui\framebuffer\FB_Fonts\TahomaRegular10B0020E007e">
      <Filter>FrameBufferFonts</Filter>
    </None>
    <None Include="..\..\..\gui\framebuffer\FB_Fonts\TahomaRegular11B0020E007e">
      <Filter>FrameBufferFonts</Filter>
    </None>
    <None Include="..\..\..\gui\framebuffer\FB_Fonts\TahomaRegular12B0020E007e">
      <Filter>FrameBufferFonts</Filter>
    </None>
    <None Include="..\..\..\gui\framebuffer\FB_Fonts\TahomaRegular13B0020E007e">
      <Filter>FrameBufferFonts</Filter>
    </None>
    <None Include="..\..\..\gui\framebuffer\FB_Fonts\TahomaRegular14B0020E007e">
      <Filter>FrameBufferFonts</Filter>
    </None>
    <None Include="..\..\..\gui\framebuffer\FB_Fonts\TahomaRegular15B0020E007e">
      <Filter>FrameBufferFonts</Filter>
    </None>
    <None Include="..\..\..\gui\framebuffer\FB_Fonts\TahomaRegular16B0020E007e">
      <Filter>FrameBufferFonts</Filter>
    </None>
    <None Include="..\..\..\gui\framebuffer\FB_Fonts\TahomaRegular17B0020E007e">
      <Filter>FrameBufferFonts</Filter>
    </None>
    <None Include="..\..\..\gui\framebuffer\FB_Fonts\TahomaRegular18B0020E007e">
      <Filter>FrameBufferFonts</Filter>
    </None>
    <None Include="..\..\..\gui\framebuffer\FB_Fonts\TahomaRegular20B0020E007e">
      <Filter>FrameBufferFonts</Filter>
    </None>
    <None Include="..\..\..\gui\framebuffer\FB_Fonts\TahomaRegular22B0020E007e">
      <Filter>FrameBufferFonts</Filter>
    </None>
    <None Include="..\..\..\gui\framebuffer\FB_Fonts\TahomaRegular24B0020E007e">
      <Filter>FrameBufferFonts</Filter>
    </None>
    <None Include="ReadMe.txt" />
  </ItemGroup>
  <ItemGroup>
    <ResourceCompile Include="webcdemo_gdip.rc">
      <Filter>Resource Files</Filter>
    </ResourceCompile>
  </ItemGroup>
</Project>